Microsoft Visual Studio Solution File, Format Version 11.00
# Visual Studio 2010
Project("{FAE04EC0-301F-11D3-BF4B-00C04F79EFBC}") = "WpfDemo_cs10", "WpfDemo\WpfDemo_cs10.csproj", "{160FD0CF-8285-4361-BE66-6884F0D3E56A}"
	ProjectSection(ProjectDependencies) = postProject
		{F0736804-0A5D-4A92-8A27-657D619187CD} = {F0736804-0A5D-4A92-8A27-657D619187CD}
	EndProjectSection
EndProject
Project("{FAE04EC0-301F-11D3-BF4B-00C04F79EFBC}") = "touchvglib_cs10", "touchvglib\touchvglib_cs10.csproj", "{AD99A603-DE1E-461B-975B-464BCEFBE035}"
	ProjectSection(ProjectDependencies) = postProject
		{180CC455-E62C-4AB8-A024-F3FF724719EA} = {180CC455-E62C-4AB8-A024-F3FF724719EA}
	EndProjectSection
EndProject
Project("{8BC9CEB8-8B4A-11D0-8D11-00A0C91BC942}") = "democmds", "..\thirdparty\DemoCmds\win\democmds\democmds_vc10.vcxproj", "{6437BB7B-62DC-49B3-98F9-E22D3978EE9D}"
	ProjectSection(ProjectDependencies) = postProject
		{A7119A43-A135-413A-A852-F2945924AC17} = {A7119A43-A135-413A-A852-F2945924AC17}
	EndProjectSection
EndProject
Project("{8BC9CEB8-8B4A-11D0-8D11-00A0C91BC942}") = "touchvg", "touchvg\touchvg_vc10.vcxproj", "{180CC455-E62C-4AB8-A024-F3FF724719EA}"
	ProjectSection(ProjectDependencies) = postProject
		{A7119A43-A135-413A-A852-F2945924AC17} = {A7119A43-A135-413A-A852-F2945924AC17}
	EndProjectSection
EndProject
Project("{FAE04EC0-301F-11D3-BF4B-00C04F79EFBC}") = "democmdslib_cs10", "..\thirdparty\DemoCmds\win\democmdslib\democmdslib_cs10.csproj", "{F0736804-0A5D-4A92-8A27-657D619187CD}"
	ProjectSection(ProjectDependencies) = postProject
		{6437BB7B-62DC-49B3-98F9-E22D3978EE9D} = {6437BB7B-62DC-49B3-98F9-E22D3978EE9D}
	EndProjectSection
EndProject
Project("{2150E333-8FDC-42A3-9474-1A3956D46DE8}") = "democmds", "democmds", "{3BD7B525-C1F6-4A8E-B61F-E20F53A110A2}"
EndProject
Project("{2150E333-8FDC-42A3-9474-1A3956D46DE8}") = "touchvg", "touchvg", "{A9B0FFEA-2B25-401B-866C-80CA6039EF25}"
EndProject
Project("{8BC9CEB8-8B4A-11D0-8D11-00A0C91BC942}") = "TouchVGCore", "..\thirdparty\TouchVGCore\win\msvc\TouchVGCore\TouchVGCore_vc10.vcxproj", "{A7119A43-A135-413A-A852-F2945924AC17}"
EndProject
Global
	GlobalSection(SolutionConfigurationPlatforms) = preSolution
		Debug|Any CPU = Debug|Any CPU
		Debug|Mixed Platforms = Debug|Mixed Platforms
		Debug|Win32 = Debug|Win32
		Release|Any CPU = Release|Any CPU
		Release|Mixed Platforms = Release|Mixed Platforms
		Release|Win32 = Release|Win32
	EndGlobalSection
	GlobalSection(ProjectConfigurationPlatforms) = postSolution
		{160FD0CF-8285-4361-BE66-6884F0D3E56A}.Debug|Any CPU.ActiveCfg = Debug|Any CPU
		{160FD0CF-8285-4361-BE66-6884F0D3E56A}.Debug|Any CPU.Build.0 = Debug|Any CPU
		{160FD0CF-8285-4361-BE66-6884F0D3E56A}.Debug|Mixed Platforms.ActiveCfg = Debug|Any CPU
		{160FD0CF-8285-4361-BE66-6884F0D3E56A}.Debug|Mixed Platforms.Build.0 = Debug|Any CPU
		{160FD0CF-8285-4361-BE66-6884F0D3E56A}.Debug|Win32.ActiveCfg = Debug|Any CPU
		{160FD0CF-8285-4361-BE66-6884F0D3E56A}.Debug|Win32.Build.0 = Debug|Any CPU
		{160FD0CF-8285-4361-BE66-6884F0D3E56A}.Release|Any CPU.ActiveCfg = Release|Any CPU
		{160FD0CF-8285-4361-BE66-6884F0D3E56A}.Release|Any CPU.Build.0 = Release|Any CPU
		{160FD0CF-8285-4361-BE66-6884F0D3E56A}.Release|Mixed Platforms.ActiveCfg = Release|Any CPU
		{160FD0CF-8285-4361-BE66-6884F0D3E56A}.Release|Mixed Platforms.Build.0 = Release|Any CPU
		{160FD0CF-8285-4361-BE66-6884F0D3E56A}.Release|Win32.ActiveCfg = Release|Any CPU
		{160FD0CF-8285-4361-BE66-6884F0D3E56A}.Release|Win32.Build.0 = Release|Any CPU
		{AD99A603-DE1E-461B-975B-464BCEFBE035}.Debug|Any CPU.ActiveCfg = Debug|Any CPU
		{AD99A603-DE1E-461B-975B-464BCEFBE035}.Debug|Any CPU.Build.0 = Debug|Any CPU
		{AD99A603-DE1E-461B-975B-464BCEFBE035}.Debug|Mixed Platforms.ActiveCfg = Debug|Any CPU
		{AD99A603-DE1E-461B-975B-464BCEFBE035}.Debug|Mixed Platforms.Build.0 = Debug|Any CPU
		{AD99A603-DE1E-461B-975B-464BCEFBE035}.Debug|Win32.ActiveCfg = Debug|Any CPU
		{AD99A603-DE1E-461B-975B-464BCEFBE035}.Debug|Win32.Build.0 = Debug|Any CPU
		{AD99A603-DE1E-461B-975B-464BCEFBE035}.Release|Any CPU.ActiveCfg = Release|Any CPU
		{AD99A603-DE1E-461B-975B-464BCEFBE035}.Release|Any CPU.Build.0 = Release|Any CPU
		{AD99A603-DE1E-461B-975B-464BCEFBE035}.Release|Mixed Platforms.ActiveCfg = Release|Any CPU
		{AD99A603-DE1E-461B-975B-464BCEFBE035}.Release|Mixed Platforms.Build.0 = Release|Any CPU
		{AD99A603-DE1E-461B-975B-464BCEFBE035}.Release|Win32.ActiveCfg = Release|Any CPU
		{AD99A603-DE1E-461B-975B-464BCEFBE035}.Release|Win32.Build.0 = Release|Any CPU
		{6437BB7B-62DC-49B3-98F9-E22D3978EE9D}.Debug|Any CPU.ActiveCfg = Debug|Win32
		{6437BB7B-62DC-49B3-98F9-E22D3978EE9D}.Debug|Any CPU.Build.0 = Debug|Win32
		{6437BB7B-62DC-49B3-98F9-E22D3978EE9D}.Debug|Mixed Platforms.ActiveCfg = Debug|Win32
		{6437BB7B-62DC-49B3-98F9-E22D3978EE9D}.Debug|Mixed Platforms.Build.0 = Debug|Win32
		{6437BB7B-62DC-49B3-98F9-E22D3978EE9D}.Debug|Win32.ActiveCfg = Debug|Win32
		{6437BB7B-62DC-49B3-98F9-E22D3978EE9D}.Debug|Win32.Build.0 = Debug|Win32
		{6437BB7B-62DC-49B3-98F9-E22D3978EE9D}.Release|Any CPU.ActiveCfg = Release|Win32
		{6437BB7B-62DC-49B3-98F9-E22D3978EE9D}.Release|Any CPU.Build.0 = Release|Win32
		{6437BB7B-62DC-49B3-98F9-E22D3978EE9D}.Release|Mixed Platforms.ActiveCfg = Release|Win32
		{6437BB7B-62DC-49B3-98F9-E22D3978EE9D}.Release|Mixed Platforms.Build.0 = Release|Win32
		{6437BB7B-62DC-49B3-98F9-E22D3978EE9D}.Release|Win32.ActiveCfg = Release|Win32
		{6437BB7B-62DC-49B3-98F9-E22D3978EE9D}.Release|Win32.Build.0 = Release|Win32
		{180CC455-E62C-4AB8-A024-F3FF724719EA}.Debug|Any CPU.ActiveCfg = Debug|Win32
		{180CC455-E62C-4AB8-A024-F3FF724719EA}.Debug|Any CPU.Build.0 = Debug|Win32
		{180CC455-E62C-4AB8-A024-F3FF724719EA}.Debug|Mixed Platforms.ActiveCfg = Debug|Win32
		{180CC455-E62C-4AB8-A024-F3FF724719EA}.Debug|Mixed Platforms.Build.0 = Debug|Win32
		{180CC455-E62C-4AB8-A024-F3FF724719EA}.Debug|Win32.ActiveCfg = Debug|Win32
		{180CC455-E62C-4AB8-A024-F3FF724719EA}.Debug|Win32.Build.0 = Debug|Win32
		{180CC455-E62C-4AB8-A024-F3FF724719EA}.Release|Any CPU.ActiveCfg = Release|Win32
		{180CC455-E62C-4AB8-A024-F3FF724719EA}.Release|Any CPU.Build.0 = Release|Win32
		{180CC455-E62C-4AB8-A024-F3FF724719EA}.Release|Mixed Platforms.ActiveCfg = Release|Win32
		{180CC455-E62C-4AB8-A024-F3FF724719EA}.Release|Mixed Platforms.Build.0 = Release|Win32
		{180CC455-E62C-4AB8-A024-F3FF724719EA}.Release|Win32.ActiveCfg = Release|Win32
		{180CC455-E62C-4AB8-A024-F3FF724719EA}.Release|Win32.Build.0 = Release|Win32
		{F0736804-0A5D-4A92-8A27-657D619187CD}.Debug|Any CPU.ActiveCfg = Debug|Any CPU
		{F0736804-0A5D-4A92-8A27-657D619187CD}.Debug|Any CPU.Build.0 = Debug|Any CPU
		{F0736804-0A5D-4A92-8A27-657D619187CD}.Debug|Mixed Platforms.ActiveCfg = Debug|Any CPU
		{F0736804-0A5D-4A92-8A27-657D619187CD}.Debug|Mixed Platforms.Build.0 = Debug|Any CPU
		{F0736804-0A5D-4A92-8A27-657D619187CD}.Debug|Win32.ActiveCfg = Debug|Any CPU
		{F0736804-0A5D-4A92-8A27-657D619187CD}.Debug|Win32.Build.0 = Debug|Any CPU
		{F0736804-0A5D-4A92-8A27-657D619187CD}.Release|Any CPU.ActiveCfg = Release|Any CPU
		{F0736804-0A5D-4A92-8A27-657D619187CD}.Release|Any CPU.Build.0 = Release|Any CPU
		{F0736804-0A5D-4A92-8A27-657D619187CD}.Release|Mixed Platforms.ActiveCfg = Release|Any CPU
		{F0736804-0A5D-4A92-8A27-657D619187CD}.Release|Mixed Platforms.Build.0 = Release|Any CPU
		{F0736804-0A5D-4A92-8A27-657D619187CD}.Release|Win32.ActiveCfg = Release|Any CPU
		{F0736804-0A5D-4A92-8A27-657D619187CD}.Release|Win32.Build.0 = Release|Any CPU
		{A7119A43-A135-413A-A852-F2945924AC17}.Debug|Any CPU.ActiveCfg = Debug|Win32
		{A7119A43-A135-413A-A852-F2945924AC17}.Debug|Mixed Platforms.ActiveCfg = Debug|Win32
		{A7119A43-A135-413A-A852-F2945924AC17}.Debug|Mixed Platforms.Build.0 = Debug|Win32
		{A7119A43-A135-413A-A852-F2945924AC17}.Debug|Win32.ActiveCfg = Debug|Win32
		{A7119A43-A135-413A-A852-F2945924AC17}.Debug|Win32.Build.0 = Debug|Win32
		{A7119A43-A135-413A-A852-F2945924AC17}.Release|Any CPU.ActiveCfg = Release|Win32
		{A7119A43-A135-413A-A852-F2945924AC17}.Release|Mixed Platforms.ActiveCfg = Release|Win32
		{A7119A43-A135-413A-A852-F2945924AC17}.Release|Mixed Platforms.Build.0 = Release|Win32
		{A7119A43-A135-413A-A852-F2945924AC17}.Release|Win32.ActiveCfg = Release|Win32
		{A7119A43-A135-413A-A852-F2945924AC17}.Release|Win32.Build.0 = Release|Win32
	EndGlobalSection
	GlobalSection(SolutionProperties) = preSolution
		HideSolutionNode = FALSE
	EndGlobalSection
	GlobalSection(NestedProjects) = preSolution
		{180CC455-E62C-4AB8-A024-F3FF724719EA} = {A9B0FFEA-2B25-401B-866C-80CA6039EF25}
		{AD99A603-DE1E-461B-975B-464BCEFBE035} = {A9B0FFEA-2B25-401B-866C-80CA6039EF25}
		{A7119A43-A135-413A-A852-F2945924AC17} = {A9B0FFEA-2B25-401B-866C-80CA6039EF25}
		{F0736804-0A5D-4A92-8A27-657D619187CD} = {3BD7B525-C1F6-4A8E-B61F-E20F53A110A2}
		{6437BB7B-62DC-49B3-98F9-E22D3978EE9D} = {3BD7B525-C1F6-4A8E-B61F-E20F53A110A2}
	EndGlobalSection
EndGlobal
