// !$*UTF8*$!
{
	archiveVersion = 1;
	classes = {
	};
	objectVersion = 46;
	objects = {

/* Begin PBXBuildFile section */
		AE2B80311804026200E50A6E /* TouchVG.bundle in Resources */ = {isa = PBXBuildFile; fileRef = AE2B80301804026200E50A6E /* TouchVG.bundle */; };
		AE3341B516ECBDBE00F0E517 /* CalloutView.m in Sources */ = {isa = PBXBuildFile; fileRef = AE3341B416ECBDBE00F0E517 /* CalloutView.m */; };
		AE4E6F0516129337006CAA5C /* GraphView3.mm in Sources */ = {isa = PBXBuildFile; fileRef = AE4E6F0316129337006CAA5C /* GraphView3.mm */; };
		AE4E6F0616129337006CAA5C /* ViewFactory.mm in Sources */ = {isa = PBXBuildFile; fileRef = AE4E6F0416129337006CAA5C /* ViewFactory.mm */; };
		AE815F331718EA71006BC607 /* BasicAnimationView.m in Sources */ = {isa = PBXBuildFile; fileRef = AE815F321718EA71006BC607 /* BasicAnimationView.m */; };
		AE815F351718EDCB006BC607 /* QuartzCore.framework in Frameworks */ = {isa = PBXBuildFile; fileRef = AE815F341718EDCB006BC607 /* QuartzCore.framework */; };
		AE97A1A8186D52AD00DFEA77 /* testcanvas.cpp in Sources */ = {isa = PBXBuildFile; fileRef = AE97A1A7186D52AD00DFEA77 /* testcanvas.cpp */; };
		AEADC21F16EB570800484962 /* LargeView3.mm in Sources */ = {isa = PBXBuildFile; fileRef = AEADC21E16EB570800484962 /* LargeView3.mm */; };
		AEF2D52B160964BA00DDB7F2 /* UIKit.framework in Frameworks */ = {isa = PBXBuildFile; fileRef = AEF2D52A160964BA00DDB7F2 /* UIKit.framework */; };
		AEF2D52D160964BA00DDB7F2 /* Foundation.framework in Frameworks */ = {isa = PBXBuildFile; fileRef = AEF2D52C160964BA00DDB7F2 /* Foundation.framework */; };
		AEF2D52F160964BA00DDB7F2 /* CoreGraphics.framework in Frameworks */ = {isa = PBXBuildFile; fileRef = AEF2D52E160964BA00DDB7F2 /* CoreGraphics.framework */; };
		AEF2D53B160964BA00DDB7F2 /* AppDelegate.m in Sources */ = {isa = PBXBuildFile; fileRef = AEF2D53A160964BA00DDB7F2 /* AppDelegate.m */; };
		AEF2D53E160964BA00DDB7F2 /* MasterViewController.mm in Sources */ = {isa = PBXBuildFile; fileRef = AEF2D53D160964BA00DDB7F2 /* MasterViewController.mm */; };
		AEF2D541160964BA00DDB7F2 /* DetailViewController.mm in Sources */ = {isa = PBXBuildFile; fileRef = AEF2D540160964BA00DDB7F2 /* DetailViewController.mm */; };
		AEF2D56F1609B67200DDB7F2 /* app57.png in Resources */ = {isa = PBXBuildFile; fileRef = AEF2D56D1609B67200DDB7F2 /* app57.png */; };
		AEF2D5701609B67200DDB7F2 /* app72.png in Resources */ = {isa = PBXBuildFile; fileRef = AEF2D56E1609B67200DDB7F2 /* app72.png */; };
		AEF2D5B01609BF7D00DDB7F2 /* main.m in Sources */ = {isa = PBXBuildFile; fileRef = AEF2D5AD1609BF7D00DDB7F2 /* main.m */; };
		C9FA89C317ED410E00B73E16 /* GiCanvasAdapter.mm in Sources */ = {isa = PBXBuildFile; fileRef = C9FA89C217ED410E00B73E16 /* GiCanvasAdapter.mm */; };
/* End PBXBuildFile section */

/* Begin PBXFileReference section */
		0209DF371891D9BA00C6CBF4 /* ARCMacro.h */ = {isa = PBXFileReference; fileEncoding = 4; lastKnownFileType = sourcecode.c.h; name = ARCMacro.h; path = ../../view/include/ARCMacro.h; sourceTree = "<group>"; };
		AE2B80301804026200E50A6E /* TouchVG.bundle */ = {isa = PBXFileReference; lastKnownFileType = "wrapper.plug-in"; name = TouchVG.bundle; path = ../Resources/TouchVG.bundle; sourceTree = "<group>"; };
		AE2F18EB18429B7D000981AD /* TestView.h */ = {isa = PBXFileReference; lastKnownFileType = sourcecode.c.h; path = TestView.h; sourceTree = "<group>"; };
		AE3341B316ECBDBE00F0E517 /* CalloutView.h */ = {isa = PBXFileReference; fileEncoding = 4; lastKnownFileType = sourcecode.c.h; path = CalloutView.h; sourceTree = "<group>"; };
		AE3341B416ECBDBE00F0E517 /* CalloutView.m */ = {isa = PBXFileReference; fileEncoding = 4; lastKnownFileType = sourcecode.c.objc; path = CalloutView.m; sourceTree = "<group>"; };
		AE4E6F0216129337006CAA5C /* GraphView3.h */ = {isa = PBXFileReference; fileEncoding = 4; lastKnownFileType = sourcecode.c.h; path = GraphView3.h; sourceTree = "<group>"; };
		AE4E6F0316129337006CAA5C /* GraphView3.mm */ = {isa = PBXFileReference; fileEncoding = 4; lastKnownFileType = sourcecode.cpp.objcpp; path = GraphView3.mm; sourceTree = "<group>"; };
		AE4E6F0416129337006CAA5C /* ViewFactory.mm */ = {isa = PBXFileReference; fileEncoding = 4; lastKnownFileType = sourcecode.cpp.objcpp; path = ViewFactory.mm; sourceTree = "<group>"; };
		AE815F301718E759006BC607 /* BasicAnimationView.h */ = {isa = PBXFileReference; lastKnownFileType = sourcecode.c.h; path = BasicAnimationView.h; sourceTree = "<group>"; };
		AE815F321718EA71006BC607 /* BasicAnimationView.m */ = {isa = PBXFileReference; fileEncoding = 4; lastKnownFileType = sourcecode.c.objc; path = BasicAnimationView.m; sourceTree = "<group>"; };
		AE815F341718EDCB006BC607 /* QuartzCore.framework */ = {isa = PBXFileReference; lastKnownFileType = wrapper.framework; name = QuartzCore.framework; path = System/Library/Frameworks/QuartzCore.framework; sourceTree = SDKROOT; };
		AE97A1A5186D529200DFEA77 /* gicanvas.h */ = {isa = PBXFileReference; lastKnownFileType = sourcecode.c.h; name = gicanvas.h; path = ../../../thirdparty/TouchVGCore/core/include/canvas/gicanvas.h; sourceTree = "<group>"; };
		AE97A1A6186D529F00DFEA77 /* testcanvas.h */ = {isa = PBXFileReference; lastKnownFileType = sourcecode.c.h; name = testcanvas.h; path = ../../../thirdparty/TouchVGCore/core/include/test/testcanvas.h; sourceTree = "<group>"; };
		AE97A1A7186D52AD00DFEA77 /* testcanvas.cpp */ = {isa = PBXFileReference; fileEncoding = 4; lastKnownFileType = sourcecode.cpp.cpp; name = testcanvas.cpp; path = ../../../thirdparty/TouchVGCore/core/src/test/testcanvas.cpp; sourceTree = "<group>"; };
		AEADC21D16EB570800484962 /* LargeView3.h */ = {isa = PBXFileReference; fileEncoding = 4; lastKnownFileType = sourcecode.c.h; path = LargeView3.h; sourceTree = "<group>"; };
		AEADC21E16EB570800484962 /* LargeView3.mm */ = {isa = PBXFileReference; fileEncoding = 4; lastKnownFileType = sourcecode.cpp.objcpp; path = LargeView3.mm; sourceTree = "<group>"; };
		AEF2D526160964BA00DDB7F2 /* TestCanvas.app */ = {isa = PBXFileReference; explicitFileType = wrapper.application; includeInIndex = 0; path = TestCanvas.app; sourceTree = BUILT_PRODUCTS_DIR; };
		AEF2D52A160964BA00DDB7F2 /* UIKit.framework */ = {isa = PBXFileReference; lastKnownFileType = wrapper.framework; name = UIKit.framework; path = System/Library/Frameworks/UIKit.framework; sourceTree = SDKROOT; };
		AEF2D52C160964BA00DDB7F2 /* Foundation.framework */ = {isa = PBXFileReference; lastKnownFileType = wrapper.framework; name = Foundation.framework; path = System/Library/Frameworks/Foundation.framework; sourceTree = SDKROOT; };
		AEF2D52E160964BA00DDB7F2 /* CoreGraphics.framework */ = {isa = PBXFileReference; lastKnownFileType = wrapper.framework; name = CoreGraphics.framework; path = System/Library/Frameworks/CoreGraphics.framework; sourceTree = SDKROOT; };
		AEF2D539160964BA00DDB7F2 /* AppDelegate.h */ = {isa = PBXFileReference; lastKnownFileType = sourcecode.c.h; path = AppDelegate.h; sourceTree = "<group>"; };
		AEF2D53A160964BA00DDB7F2 /* AppDelegate.m */ = {isa = PBXFileReference; lastKnownFileType = sourcecode.c.objc; path = AppDelegate.m; sourceTree = "<group>"; };
		AEF2D53C160964BA00DDB7F2 /* MasterViewController.h */ = {isa = PBXFileReference; lastKnownFileType = sourcecode.c.h; path = MasterViewController.h; sourceTree = "<group>"; };
		AEF2D53D160964BA00DDB7F2 /* MasterViewController.mm */ = {isa = PBXFileReference; lastKnownFileType = sourcecode.cpp.objcpp; path = MasterViewController.mm; sourceTree = "<group>"; };
		AEF2D53F160964BA00DDB7F2 /* DetailViewController.h */ = {isa = PBXFileReference; lastKnownFileType = sourcecode.c.h; path = DetailViewController.h; sourceTree = "<group>"; };
		AEF2D540160964BA00DDB7F2 /* DetailViewController.mm */ = {isa = PBXFileReference; lastKnownFileType = sourcecode.cpp.objcpp; path = DetailViewController.mm; sourceTree = "<group>"; };
		AEF2D56D1609B67200DDB7F2 /* app57.png */ = {isa = PBXFileReference; lastKnownFileType = image.png; path = app57.png; sourceTree = "<group>"; };
		AEF2D56E1609B67200DDB7F2 /* app72.png */ = {isa = PBXFileReference; lastKnownFileType = image.png; path = app72.png; sourceTree = "<group>"; };
		AEF2D5AD1609BF7D00DDB7F2 /* main.m */ = {isa = PBXFileReference; fileEncoding = 4; lastKnownFileType = sourcecode.c.objc; path = main.m; sourceTree = "<group>"; };
		AEF2D5AE1609BF7D00DDB7F2 /* Prefix.pch */ = {isa = PBXFileReference; fileEncoding = 4; lastKnownFileType = sourcecode.c.h; path = Prefix.pch; sourceTree = "<group>"; };
		AEF2D5B81609C1A900DDB7F2 /* Info.plist */ = {isa = PBXFileReference; fileEncoding = 4; lastKnownFileType = text.plist.xml; path = Info.plist; sourceTree = "<group>"; };
		C9FA89C117ED410500B73E16 /* GiCanvasAdapter.h */ = {isa = PBXFileReference; fileEncoding = 4; lastKnownFileType = sourcecode.c.h; name = GiCanvasAdapter.h; path = ../../view/include/GiCanvasAdapter.h; sourceTree = "<group>"; };
		C9FA89C217ED410E00B73E16 /* GiCanvasAdapter.mm */ = {isa = PBXFileReference; fileEncoding = 4; lastKnownFileType = sourcecode.cpp.objcpp; name = GiCanvasAdapter.mm; path = ../../view/src/GiCanvasAdapter.mm; sourceTree = "<group>"; };
/* End PBXFileReference section */

/* Begin PBXFrameworksBuildPhase section */
		AEF2D523160964BA00DDB7F2 /* Frameworks */ = {
			isa = PBXFrameworksBuildPhase;
			buildActionMask = 2147483647;
			files = (
				AE815F351718EDCB006BC607 /* QuartzCore.framework in Frameworks */,
				AEF2D52B160964BA00DDB7F2 /* UIKit.framework in Frameworks */,
				AEF2D52D160964BA00DDB7F2 /* Foundation.framework in Frameworks */,
				AEF2D52F160964BA00DDB7F2 /* CoreGraphics.framework in Frameworks */,
			);
			runOnlyForDeploymentPostprocessing = 0;
		};
/* End PBXFrameworksBuildPhase section */

/* Begin PBXGroup section */
		AE0762F3160AABE000518207 /* canvas */ = {
			isa = PBXGroup;
			children = (
				AE97A1A7186D52AD00DFEA77 /* testcanvas.cpp */,
				AE97A1A6186D529F00DFEA77 /* testcanvas.h */,
				AE97A1A5186D529200DFEA77 /* gicanvas.h */,
				C9FA89C217ED410E00B73E16 /* GiCanvasAdapter.mm */,
				C9FA89C117ED410500B73E16 /* GiCanvasAdapter.h */,
			);
			name = canvas;
			sourceTree = "<group>";
		};
		AE0762FD160AAE3A00518207 /* Test */ = {
			isa = PBXGroup;
			children = (
				AE815F321718EA71006BC607 /* BasicAnimationView.m */,
				AE815F301718E759006BC607 /* BasicAnimationView.h */,
				AEADC21D16EB570800484962 /* LargeView3.h */,
				AEADC21E16EB570800484962 /* LargeView3.mm */,
				AE4E6F0216129337006CAA5C /* GraphView3.h */,
				AE4E6F0316129337006CAA5C /* GraphView3.mm */,
				AE4E6F0416129337006CAA5C /* ViewFactory.mm */,
			);
			name = Test;
			sourceTree = "<group>";
		};
		AEF2D51B160964BA00DDB7F2 = {
			isa = PBXGroup;
			children = (
				AE0762FD160AAE3A00518207 /* Test */,
				AE0762F3160AABE000518207 /* canvas */,
				AEF2D530160964BA00DDB7F2 /* Classes */,
				AEF2D56C1609B67200DDB7F2 /* Resources */,
				AEF2D529160964BA00DDB7F2 /* Frameworks */,
				AEF2D527160964BA00DDB7F2 /* Products */,
			);
			sourceTree = "<group>";
		};
		AEF2D527160964BA00DDB7F2 /* Products */ = {
			isa = PBXGroup;
			children = (
				AEF2D526160964BA00DDB7F2 /* TestCanvas.app */,
			);
			name = Products;
			sourceTree = "<group>";
		};
		AEF2D529160964BA00DDB7F2 /* Frameworks */ = {
			isa = PBXGroup;
			children = (
				AE815F341718EDCB006BC607 /* QuartzCore.framework */,
				AEF2D52A160964BA00DDB7F2 /* UIKit.framework */,
				AEF2D52C160964BA00DDB7F2 /* Foundation.framework */,
				AEF2D52E160964BA00DDB7F2 /* CoreGraphics.framework */,
			);
			name = Frameworks;
			sourceTree = "<group>";
		};
		AEF2D530160964BA00DDB7F2 /* Classes */ = {
			isa = PBXGroup;
			children = (
				0209DF371891D9BA00C6CBF4 /* ARCMacro.h */,
				AE3341B316ECBDBE00F0E517 /* CalloutView.h */,
				AE3341B416ECBDBE00F0E517 /* CalloutView.m */,
				AEF2D539160964BA00DDB7F2 /* AppDelegate.h */,
				AEF2D53A160964BA00DDB7F2 /* AppDelegate.m */,
				AEF2D53C160964BA00DDB7F2 /* MasterViewController.h */,
				AEF2D53D160964BA00DDB7F2 /* MasterViewController.mm */,
				AEF2D53F160964BA00DDB7F2 /* DetailViewController.h */,
				AEF2D540160964BA00DDB7F2 /* DetailViewController.mm */,
				AE2F18EB18429B7D000981AD /* TestView.h */,
				AEF2D531160964BA00DDB7F2 /* Supporting Files */,
			);
			name = Classes;
			path = ../Classes;
			sourceTree = "<group>";
		};
		AEF2D531160964BA00DDB7F2 /* Supporting Files */ = {
			isa = PBXGroup;
			children = (
				AEF2D5B81609C1A900DDB7F2 /* Info.plist */,
				AEF2D5AD1609BF7D00DDB7F2 /* main.m */,
				AEF2D5AE1609BF7D00DDB7F2 /* Prefix.pch */,
			);
			name = "Supporting Files";
			sourceTree = "<group>";
		};
		AEF2D56C1609B67200DDB7F2 /* Resources */ = {
			isa = PBXGroup;
			children = (
				AE2B80301804026200E50A6E /* TouchVG.bundle */,
				AEF2D56D1609B67200DDB7F2 /* app57.png */,
				AEF2D56E1609B67200DDB7F2 /* app72.png */,
			);
			name = Resources;
			path = ../Resources;
			sourceTree = "<group>";
		};
/* End PBXGroup section */

/* Begin PBXNativeTarget section */
		AEF2D525160964BA00DDB7F2 /* TestCanvas */ = {
			isa = PBXNativeTarget;
			buildConfigurationList = AEF2D550160964BA00DDB7F2 /* Build configuration list for PBXNativeTarget "TestCanvas" */;
			buildPhases = (
				AEF2D522160964BA00DDB7F2 /* Sources */,
				AEF2D523160964BA00DDB7F2 /* Frameworks */,
				AEF2D524160964BA00DDB7F2 /* Resources */,
			);
			buildRules = (
			);
			dependencies = (
			);
			name = TestCanvas;
			productName = TestCanvas;
			productReference = AEF2D526160964BA00DDB7F2 /* TestCanvas.app */;
			productType = "com.apple.product-type.application";
		};
/* End PBXNativeTarget section */

/* Begin PBXProject section */
		AEF2D51D160964BA00DDB7F2 /* Project object */ = {
			isa = PBXProject;
			attributes = {
				LastUpgradeCheck = 0460;
				ORGANIZATIONNAME = github.rhcad;
			};
			buildConfigurationList = AEF2D520160964BA00DDB7F2 /* Build configuration list for PBXProject "TestCanvas" */;
			compatibilityVersion = "Xcode 3.2";
			developmentRegion = English;
			hasScannedForEncodings = 0;
			knownRegions = (
				en,
			);
			mainGroup = AEF2D51B160964BA00DDB7F2;
			productRefGroup = AEF2D527160964BA00DDB7F2 /* Products */;
			projectDirPath = "";
			projectRoot = "";
			targets = (
				AEF2D525160964BA00DDB7F2 /* TestCanvas */,
			);
		};
/* End PBXProject section */

/* Begin PBXResourcesBuildPhase section */
		AEF2D524160964BA00DDB7F2 /* Resources */ = {
			isa = PBXResourcesBuildPhase;
			buildActionMask = 2147483647;
			files = (
				AEF2D56F1609B67200DDB7F2 /* app57.png in Resources */,
				AEF2D5701609B67200DDB7F2 /* app72.png in Resources */,
				AE2B80311804026200E50A6E /* TouchVG.bundle in Resources */,
			);
			runOnlyForDeploymentPostprocessing = 0;
		};
/* End PBXResourcesBuildPhase section */

/* Begin PBXSourcesBuildPhase section */
		AEF2D522160964BA00DDB7F2 /* Sources */ = {
			isa = PBXSourcesBuildPhase;
			buildActionMask = 2147483647;
			files = (
				AEF2D53B160964BA00DDB7F2 /* AppDelegate.m in Sources */,
				AEF2D53E160964BA00DDB7F2 /* MasterViewController.mm in Sources */,
				AEF2D541160964BA00DDB7F2 /* DetailViewController.mm in Sources */,
				AE97A1A8186D52AD00DFEA77 /* testcanvas.cpp in Sources */,
				AEF2D5B01609BF7D00DDB7F2 /* main.m in Sources */,
				AE4E6F0516129337006CAA5C /* GraphView3.mm in Sources */,
				AE4E6F0616129337006CAA5C /* ViewFactory.mm in Sources */,
				AEADC21F16EB570800484962 /* LargeView3.mm in Sources */,
				AE3341B516ECBDBE00F0E517 /* CalloutView.m in Sources */,
				AE815F331718EA71006BC607 /* BasicAnimationView.m in Sources */,
				C9FA89C317ED410E00B73E16 /* GiCanvasAdapter.mm in Sources */,
			);
			runOnlyForDeploymentPostprocessing = 0;
		};
/* End PBXSourcesBuildPhase section */

/* Begin XCBuildConfiguration section */
		AEF2D54E160964BA00DDB7F2 /* Debug */ = {
			isa = XCBuildConfiguration;
			buildSettings = {
				ALWAYS_SEARCH_USER_PATHS = NO;
				CLANG_WARN_CONSTANT_CONVERSION = YES;
				CLANG_WARN_ENUM_CONVERSION = YES;
				CLANG_WARN_INT_CONVERSION = YES;
				CLANG_WARN__DUPLICATE_METHOD_MATCH = YES;
				CODE_SIGN_IDENTITY = "iPhone Developer";
				"CODE_SIGN_IDENTITY[sdk=iphoneos*]" = "iPhone Developer";
				COPY_PHASE_STRIP = NO;
				GCC_C_LANGUAGE_STANDARD = gnu99;
				GCC_DYNAMIC_NO_PIC = NO;
				GCC_OPTIMIZATION_LEVEL = 0;
				GCC_PREPROCESSOR_DEFINITIONS = (
					"DEBUG=1",
					"$(inherited)",
				);
				GCC_SYMBOLS_PRIVATE_EXTERN = NO;
				GCC_WARN_ABOUT_RETURN_TYPE = YES;
				GCC_WARN_UNINITIALIZED_AUTOS = YES;
				GCC_WARN_UNUSED_VARIABLE = YES;
				HEADER_SEARCH_PATHS = "../../include/**";
				IPHONEOS_DEPLOYMENT_TARGET = 5.0;
				PROVISIONING_PROFILE = "";
				"PROVISIONING_PROFILE[sdk=iphoneos*]" = "";
				SDKROOT = iphoneos;
				TARGETED_DEVICE_FAMILY = "1,2";
			};
			name = Debug;
		};
		AEF2D54F160964BA00DDB7F2 /* Release */ = {
			isa = XCBuildConfiguration;
			buildSettings = {
				ALWAYS_SEARCH_USER_PATHS = NO;
				CLANG_WARN_CONSTANT_CONVERSION = YES;
				CLANG_WARN_ENUM_CONVERSION = YES;
				CLANG_WARN_INT_CONVERSION = YES;
				CLANG_WARN__DUPLICATE_METHOD_MATCH = YES;
				CODE_SIGN_IDENTITY = "iPhone Developer";
				"CODE_SIGN_IDENTITY[sdk=iphoneos*]" = "iPhone Developer";
				COPY_PHASE_STRIP = YES;
				GCC_C_LANGUAGE_STANDARD = gnu99;
				GCC_WARN_ABOUT_RETURN_TYPE = YES;
				GCC_WARN_UNINITIALIZED_AUTOS = YES;
				GCC_WARN_UNUSED_VARIABLE = YES;
				HEADER_SEARCH_PATHS = "../../include/**";
				IPHONEOS_DEPLOYMENT_TARGET = 5.0;
				OTHER_CFLAGS = "-DNS_BLOCK_ASSERTIONS=1";
				PROVISIONING_PROFILE = "";
				SDKROOT = iphoneos;
				TARGETED_DEVICE_FAMILY = "1,2";
				VALIDATE_PRODUCT = YES;
			};
			name = Release;
		};
		AEF2D551160964BA00DDB7F2 /* Debug */ = {
			isa = XCBuildConfiguration;
			buildSettings = {
				GCC_PRECOMPILE_PREFIX_HEADER = YES;
				GCC_PREFIX_HEADER = ../Classes/Prefix.pch;
				INFOPLIST_FILE = ../Classes/Info.plist;
				PRODUCT_NAME = TestCanvas;
				PUBLIC_HEADERS_FOLDER_PATH = "";
				WRAPPER_EXTENSION = app;
			};
			name = Debug;
		};
		AEF2D552160964BA00DDB7F2 /* Release */ = {
			isa = XCBuildConfiguration;
			buildSettings = {
				GCC_PRECOMPILE_PREFIX_HEADER = YES;
				GCC_PREFIX_HEADER = ../Classes/Prefix.pch;
				INFOPLIST_FILE = ../Classes/Info.plist;
				PRODUCT_NAME = TestCanvas;
				PUBLIC_HEADERS_FOLDER_PATH = "";
				WRAPPER_EXTENSION = app;
			};
			name = Release;
		};
/* End XCBuildConfiguration section */

/* Begin XCConfigurationList section */
		AEF2D520160964BA00DDB7F2 /* Build configuration list for PBXProject "TestCanvas" */ = {
			isa = XCConfigurationList;
			buildConfigurations = (
				AEF2D54E160964BA00DDB7F2 /* Debug */,
				AEF2D54F160964BA00DDB7F2 /* Release */,
			);
			defaultConfigurationIsVisible = 0;
			defaultConfigurationName = Release;
		};
		AEF2D550160964BA00DDB7F2 /* Build configuration list for PBXNativeTarget "TestCanvas" */ = {
			isa = XCConfigurationList;
			buildConfigurations = (
				AEF2D551160964BA00DDB7F2 /* Debug */,
				AEF2D552160964BA00DDB7F2 /* Release */,
			);
			defaultConfigurationIsVisible = 0;
			defaultConfigurationName = Release;
		};
/* End XCConfigurationList section */
	};
	rootObject = AEF2D51D160964BA00DDB7F2 /* Project object */;
}
