// !$*UTF8*$!
{
	archiveVersion = 1;
	classes = {
	};
	objectVersion = 46;
	objects = {

/* Begin PBXBuildFile section */
		027CB28918715FBC00C18ECE /* libTouchVGCore.a in Frameworks */ = {isa = PBXBuildFile; fileRef = 027CB28218715F9E00C18ECE /* libTouchVGCore.a */; };
		AE03795E181FB31E0049931F /* pencil.png in Resources */ = {isa = PBXBuildFile; fileRef = AE03795D181FB31E0049931F /* pencil.png */; };
		AE252D2B181FC93300884B5C /* AnimatedPathView1.mm in Sources */ = {isa = PBXBuildFile; fileRef = AE252D2A181FC93300884B5C /* AnimatedPathView1.mm */; };
		AE252D30181FCB0700884B5C /* pencil@2x.png in Resources */ = {isa = PBXBuildFile; fileRef = AE252D2F181FCB0700884B5C /* pencil@2x.png */; };
		AE3341B516ECBDBE00F0E517 /* CalloutView.m in Sources */ = {isa = PBXBuildFile; fileRef = AE3341B416ECBDBE00F0E517 /* CalloutView.m */; };
		AE34D03717F91762004BC88B /* TouchVG.bundle in Resources */ = {isa = PBXBuildFile; fileRef = AE34D03617F91762004BC88B /* TouchVG.bundle */; };
		AE3B01151811064D0004AAC7 /* fonts.svg in Resources */ = {isa = PBXBuildFile; fileRef = AE3B01141811064D0004AAC7 /* fonts.svg */; };
		AE3B011B18110A370004AAC7 /* CoreText.framework in Frameworks */ = {isa = PBXBuildFile; fileRef = AE3B011A18110A370004AAC7 /* CoreText.framework */; };
		AE3B011D18110A610004AAC7 /* libxml2.dylib in Frameworks */ = {isa = PBXBuildFile; fileRef = AE3B011C18110A610004AAC7 /* libxml2.dylib */; };
		AE4E6F0616129337006CAA5C /* ViewFactory.mm in Sources */ = {isa = PBXBuildFile; fileRef = AE4E6F0416129337006CAA5C /* ViewFactory.mm */; };
		AE53750E177D26980050CC4F /* GiGraphView1.mm in Sources */ = {isa = PBXBuildFile; fileRef = AE53750D177D26980050CC4F /* GiGraphView1.mm */; };
		AE815F351718EDCB006BC607 /* QuartzCore.framework in Frameworks */ = {isa = PBXBuildFile; fileRef = AE815F341718EDCB006BC607 /* QuartzCore.framework */; };
		AE97A1AA186D536500DFEA77 /* DemoCmds.xcodeproj in Resources */ = {isa = PBXBuildFile; fileRef = AE97A1A9186D536500DFEA77 /* DemoCmds.xcodeproj */; };
		AE97A1AC186D536D00DFEA77 /* TouchVG.xcodeproj in Resources */ = {isa = PBXBuildFile; fileRef = AE97A1AB186D536D00DFEA77 /* TouchVG.xcodeproj */; };
		AE97A1B1186D592300DFEA77 /* libDemoCmds.a in Frameworks */ = {isa = PBXBuildFile; fileRef = AE97A1AD186D538D00DFEA77 /* libDemoCmds.a */; };
		AE97A1B2186D592600DFEA77 /* libTouchVG.a in Frameworks */ = {isa = PBXBuildFile; fileRef = AE97A1AF186D539000DFEA77 /* libTouchVG.a */; };
		AEA5E49618729F3B00C5EC49 /* libSVGKit-iOS.1.2.0pre.a in Frameworks */ = {isa = PBXBuildFile; fileRef = AEA5E49218729ABA00C5EC49 /* libSVGKit-iOS.1.2.0pre.a */; };
		AEADC21F16EB570800484962 /* LargeView1.mm in Sources */ = {isa = PBXBuildFile; fileRef = AEADC21E16EB570800484962 /* LargeView1.mm */; };
		AEF2D52B160964BA00DDB7F2 /* UIKit.framework in Frameworks */ = {isa = PBXBuildFile; fileRef = AEF2D52A160964BA00DDB7F2 /* UIKit.framework */; };
		AEF2D52D160964BA00DDB7F2 /* Foundation.framework in Frameworks */ = {isa = PBXBuildFile; fileRef = AEF2D52C160964BA00DDB7F2 /* Foundation.framework */; };
		AEF2D52F160964BA00DDB7F2 /* CoreGraphics.framework in Frameworks */ = {isa = PBXBuildFile; fileRef = AEF2D52E160964BA00DDB7F2 /* CoreGraphics.framework */; };
		AEF2D53B160964BA00DDB7F2 /* AppDelegate.m in Sources */ = {isa = PBXBuildFile; fileRef = AEF2D53A160964BA00DDB7F2 /* AppDelegate.m */; };
		AEF2D53E160964BA00DDB7F2 /* MasterViewController.mm in Sources */ = {isa = PBXBuildFile; fileRef = AEF2D53D160964BA00DDB7F2 /* MasterViewController.mm */; };
		AEF2D541160964BA00DDB7F2 /* DetailViewController.mm in Sources */ = {isa = PBXBuildFile; fileRef = AEF2D540160964BA00DDB7F2 /* DetailViewController.mm */; };
		AEF2D56F1609B67200DDB7F2 /* app57.png in Resources */ = {isa = PBXBuildFile; fileRef = AEF2D56D1609B67200DDB7F2 /* app57.png */; };
		AEF2D5701609B67200DDB7F2 /* app72.png in Resources */ = {isa = PBXBuildFile; fileRef = AEF2D56E1609B67200DDB7F2 /* app72.png */; };
		AEF2D5B01609BF7D00DDB7F2 /* main.m in Sources */ = {isa = PBXBuildFile; fileRef = AEF2D5AD1609BF7D00DDB7F2 /* main.m */; };
/* End PBXBuildFile section */

/* Begin PBXContainerItemProxy section */
		027CB28118715F9E00C18ECE /* PBXContainerItemProxy */ = {
			isa = PBXContainerItemProxy;
			containerPortal = 027CB27D18715F9E00C18ECE /* TouchVGCore.xcodeproj */;
			proxyType = 2;
			remoteGlobalIDString = AE490E54185715D9004F70CC;
			remoteInfo = TouchVGCore;
		};
		027CB28318715FA900C18ECE /* PBXContainerItemProxy */ = {
			isa = PBXContainerItemProxy;
			containerPortal = 027CB27D18715F9E00C18ECE /* TouchVGCore.xcodeproj */;
			proxyType = 1;
			remoteGlobalIDString = AE490E53185715D9004F70CC;
			remoteInfo = TouchVGCore;
		};
		027CB28518715FAC00C18ECE /* PBXContainerItemProxy */ = {
			isa = PBXContainerItemProxy;
			containerPortal = AE97A1AB186D536D00DFEA77 /* TouchVG.xcodeproj */;
			proxyType = 1;
			remoteGlobalIDString = AE2A3A48178FC511000194AE;
			remoteInfo = TouchVG;
		};
		027CB28718715FAE00C18ECE /* PBXContainerItemProxy */ = {
			isa = PBXContainerItemProxy;
			containerPortal = AE97A1A9186D536500DFEA77 /* DemoCmds.xcodeproj */;
			proxyType = 1;
			remoteGlobalIDString = AE2A3A48178FC511000194AE;
			remoteInfo = DemoCmds;
		};
		AEA5E49118729ABA00C5EC49 /* PBXContainerItemProxy */ = {
			isa = PBXContainerItemProxy;
			containerPortal = AEA5E48D18729ABA00C5EC49 /* SVGKit-iOS.xcodeproj */;
			proxyType = 2;
			remoteGlobalIDString = 6639618E16145D0400E58CCA;
			remoteInfo = "SVGKit-iOS";
		};
		AEA5E49318729AD000C5EC49 /* PBXContainerItemProxy */ = {
			isa = PBXContainerItemProxy;
			containerPortal = AEA5E48D18729ABA00C5EC49 /* SVGKit-iOS.xcodeproj */;
			proxyType = 1;
			remoteGlobalIDString = 6639618D16145D0400E58CCA;
			remoteInfo = "SVGKit-iOS";
		};
		AED5E69E186EF0CE00D8CA3E /* PBXContainerItemProxy */ = {
			isa = PBXContainerItemProxy;
			containerPortal = AE97A1A9186D536500DFEA77 /* DemoCmds.xcodeproj */;
			proxyType = 2;
			remoteGlobalIDString = AE2A3A49178FC511000194AE;
			remoteInfo = DemoCmds;
		};
		AED5E6A3186F179000D8CA3E /* PBXContainerItemProxy */ = {
			isa = PBXContainerItemProxy;
			containerPortal = AE97A1AB186D536D00DFEA77 /* TouchVG.xcodeproj */;
			proxyType = 2;
			remoteGlobalIDString = AE2A3A49178FC511000194AE;
			remoteInfo = TouchVG;
		};
/* End PBXContainerItemProxy section */

/* Begin PBXFileReference section */
		027CB27D18715F9E00C18ECE /* TouchVGCore.xcodeproj */ = {isa = PBXFileReference; lastKnownFileType = "wrapper.pb-project"; name = TouchVGCore.xcodeproj; path = ../../../thirdparty/TouchVGCore/ios/TouchVGCore/TouchVGCore.xcodeproj; sourceTree = "<group>"; };
		AE03795D181FB31E0049931F /* pencil.png */ = {isa = PBXFileReference; lastKnownFileType = image.png; path = pencil.png; sourceTree = "<group>"; };
		AE252D29181FC93300884B5C /* AnimatedPathView1.h */ = {isa = PBXFileReference; fileEncoding = 4; lastKnownFileType = sourcecode.c.h; path = AnimatedPathView1.h; sourceTree = "<group>"; };
		AE252D2A181FC93300884B5C /* AnimatedPathView1.mm */ = {isa = PBXFileReference; fileEncoding = 4; lastKnownFileType = sourcecode.cpp.objcpp; path = AnimatedPathView1.mm; sourceTree = "<group>"; };
		AE252D2F181FCB0700884B5C /* pencil@2x.png */ = {isa = PBXFileReference; lastKnownFileType = image.png; path = "pencil@2x.png"; sourceTree = "<group>"; };
		AE2F18EC18429B8D000981AD /* TestView.h */ = {isa = PBXFileReference; lastKnownFileType = sourcecode.c.h; path = TestView.h; sourceTree = "<group>"; };
		AE3341B316ECBDBE00F0E517 /* CalloutView.h */ = {isa = PBXFileReference; fileEncoding = 4; lastKnownFileType = sourcecode.c.h; path = CalloutView.h; sourceTree = "<group>"; };
		AE3341B416ECBDBE00F0E517 /* CalloutView.m */ = {isa = PBXFileReference; fileEncoding = 4; lastKnownFileType = sourcecode.c.objc; path = CalloutView.m; sourceTree = "<group>"; };
		AE34D03617F91762004BC88B /* TouchVG.bundle */ = {isa = PBXFileReference; lastKnownFileType = "wrapper.plug-in"; name = TouchVG.bundle; path = ../Resources/TouchVG.bundle; sourceTree = "<group>"; };
		AE3B01141811064D0004AAC7 /* fonts.svg */ = {isa = PBXFileReference; fileEncoding = 4; lastKnownFileType = text.xml; path = fonts.svg; sourceTree = "<group>"; };
		AE3B011A18110A370004AAC7 /* CoreText.framework */ = {isa = PBXFileReference; lastKnownFileType = wrapper.framework; name = CoreText.framework; path = System/Library/Frameworks/CoreText.framework; sourceTree = SDKROOT; };
		AE3B011C18110A610004AAC7 /* libxml2.dylib */ = {isa = PBXFileReference; lastKnownFileType = "compiled.mach-o.dylib"; name = libxml2.dylib; path = usr/lib/libxml2.dylib; sourceTree = SDKROOT; };
		AE4E6F0416129337006CAA5C /* ViewFactory.mm */ = {isa = PBXFileReference; fileEncoding = 4; lastKnownFileType = sourcecode.cpp.objcpp; path = ViewFactory.mm; sourceTree = "<group>"; };
		AE53750C177D26980050CC4F /* GiGraphView1.h */ = {isa = PBXFileReference; fileEncoding = 4; lastKnownFileType = sourcecode.c.h; path = GiGraphView1.h; sourceTree = "<group>"; };
		AE53750D177D26980050CC4F /* GiGraphView1.mm */ = {isa = PBXFileReference; fileEncoding = 4; lastKnownFileType = sourcecode.cpp.objcpp; path = GiGraphView1.mm; sourceTree = "<group>"; };
		AE815F341718EDCB006BC607 /* QuartzCore.framework */ = {isa = PBXFileReference; lastKnownFileType = wrapper.framework; name = QuartzCore.framework; path = System/Library/Frameworks/QuartzCore.framework; sourceTree = SDKROOT; };
		AE97A1A9186D536500DFEA77 /* DemoCmds.xcodeproj */ = {isa = PBXFileReference; lastKnownFileType = "wrapper.pb-project"; name = DemoCmds.xcodeproj; path = ../../DemoCmds/DemoCmds.xcodeproj; sourceTree = "<group>"; };
		AE97A1AB186D536D00DFEA77 /* TouchVG.xcodeproj */ = {isa = PBXFileReference; lastKnownFileType = "wrapper.pb-project"; name = TouchVG.xcodeproj; path = ../../TouchVG/TouchVG.xcodeproj; sourceTree = "<group>"; };
		AE97A1AD186D538D00DFEA77 /* libDemoCmds.a */ = {isa = PBXFileReference; lastKnownFileType = archive.ar; name = libDemoCmds.a; path = "../../../../../Library/Developer/Xcode/DerivedData/TestVG-aptrtuozhsetvlaucaunnldzugbi/Build/Products/Debug-iphoneos/libDemoCmds.a"; sourceTree = "<group>"; };
		AE97A1AF186D539000DFEA77 /* libTouchVG.a */ = {isa = PBXFileReference; lastKnownFileType = archive.ar; name = libTouchVG.a; path = "../../../../../Library/Developer/Xcode/DerivedData/TestVG-aptrtuozhsetvlaucaunnldzugbi/Build/Products/Debug-iphoneos/libTouchVG.a"; sourceTree = "<group>"; };
		AEA5E48D18729ABA00C5EC49 /* SVGKit-iOS.xcodeproj */ = {isa = PBXFileReference; lastKnownFileType = "wrapper.pb-project"; name = "SVGKit-iOS.xcodeproj"; path = "../../../../SVGKit/SVGKit-iOS.xcodeproj"; sourceTree = "<group>"; };
		AEADC21D16EB570800484962 /* LargeView1.h */ = {isa = PBXFileReference; fileEncoding = 4; lastKnownFileType = sourcecode.c.h; path = LargeView1.h; sourceTree = "<group>"; };
		AEADC21E16EB570800484962 /* LargeView1.mm */ = {isa = PBXFileReference; fileEncoding = 4; lastKnownFileType = sourcecode.cpp.objcpp; path = LargeView1.mm; sourceTree = "<group>"; };
		AEF2D526160964BA00DDB7F2 /* TestView.app */ = {isa = PBXFileReference; explicitFileType = wrapper.application; includeInIndex = 0; path = TestView.app; sourceTree = BUILT_PRODUCTS_DIR; };
		AEF2D52A160964BA00DDB7F2 /* UIKit.framework */ = {isa = PBXFileReference; lastKnownFileType = wrapper.framework; name = UIKit.framework; path = System/Library/Frameworks/UIKit.framework; sourceTree = SDKROOT; };
		AEF2D52C160964BA00DDB7F2 /* Foundation.framework */ = {isa = PBXFileReference; lastKnownFileType = wrapper.framework; name = Foundation.framework; path = System/Library/Frameworks/Foundation.framework; sourceTree = SDKROOT; };
		AEF2D52E160964BA00DDB7F2 /* CoreGraphics.framework */ = {isa = PBXFileReference; lastKnownFileType = wrapper.framework; name = CoreGraphics.framework; path = System/Library/Frameworks/CoreGraphics.framework; sourceTree = SDKROOT; };
		AEF2D539160964BA00DDB7F2 /* AppDelegate.h */ = {isa = PBXFileReference; lastKnownFileType = sourcecode.c.h; path = AppDelegate.h; sourceTree = "<group>"; };
		AEF2D53A160964BA00DDB7F2 /* AppDelegate.m */ = {isa = PBXFileReference; lastKnownFileType = sourcecode.c.objc; path = AppDelegate.m; sourceTree = "<group>"; };
		AEF2D53C160964BA00DDB7F2 /* MasterViewController.h */ = {isa = PBXFileReference; lastKnownFileType = sourcecode.c.h; path = MasterViewController.h; sourceTree = "<group>"; };
		AEF2D53D160964BA00DDB7F2 /* MasterViewController.mm */ = {isa = PBXFileReference; lastKnownFileType = sourcecode.cpp.objcpp; path = MasterViewController.mm; sourceTree = "<group>"; };
		AEF2D53F160964BA00DDB7F2 /* DetailViewController.h */ = {isa = PBXFileReference; lastKnownFileType = sourcecode.c.h; path = DetailViewController.h; sourceTree = "<group>"; };
		AEF2D540160964BA00DDB7F2 /* DetailViewController.mm */ = {isa = PBXFileReference; lastKnownFileType = sourcecode.cpp.objcpp; path = DetailViewController.mm; sourceTree = "<group>"; };
		AEF2D56D1609B67200DDB7F2 /* app57.png */ = {isa = PBXFileReference; lastKnownFileType = image.png; path = app57.png; sourceTree = "<group>"; };
		AEF2D56E1609B67200DDB7F2 /* app72.png */ = {isa = PBXFileReference; lastKnownFileType = image.png; path = app72.png; sourceTree = "<group>"; };
		AEF2D5AD1609BF7D00DDB7F2 /* main.m */ = {isa = PBXFileReference; fileEncoding = 4; lastKnownFileType = sourcecode.c.objc; path = main.m; sourceTree = "<group>"; };
		AEF2D5AE1609BF7D00DDB7F2 /* Prefix.pch */ = {isa = PBXFileReference; fileEncoding = 4; lastKnownFileType = sourcecode.c.h; path = Prefix.pch; sourceTree = "<group>"; };
		AEF2D5B81609C1A900DDB7F2 /* Info.plist */ = {isa = PBXFileReference; fileEncoding = 4; lastKnownFileType = text.plist.xml; path = Info.plist; sourceTree = "<group>"; };
/* End PBXFileReference section */

/* Begin PBXFrameworksBuildPhase section */
		AEF2D523160964BA00DDB7F2 /* Frameworks */ = {
			isa = PBXFrameworksBuildPhase;
			buildActionMask = 2147483647;
			files = (
				AEA5E49618729F3B00C5EC49 /* libSVGKit-iOS.1.2.0pre.a in Frameworks */,
				027CB28918715FBC00C18ECE /* libTouchVGCore.a in Frameworks */,
				AE97A1B2186D592600DFEA77 /* libTouchVG.a in Frameworks */,
				AE97A1B1186D592300DFEA77 /* libDemoCmds.a in Frameworks */,
				AE3B011D18110A610004AAC7 /* libxml2.dylib in Frameworks */,
				AE3B011B18110A370004AAC7 /* CoreText.framework in Frameworks */,
				AE815F351718EDCB006BC607 /* QuartzCore.framework in Frameworks */,
				AEF2D52B160964BA00DDB7F2 /* UIKit.framework in Frameworks */,
				AEF2D52D160964BA00DDB7F2 /* Foundation.framework in Frameworks */,
				AEF2D52F160964BA00DDB7F2 /* CoreGraphics.framework in Frameworks */,
			);
			runOnlyForDeploymentPostprocessing = 0;
		};
/* End PBXFrameworksBuildPhase section */

/* Begin PBXGroup section */
		027CB27E18715F9E00C18ECE /* Products */ = {
			isa = PBXGroup;
			children = (
				027CB28218715F9E00C18ECE /* libTouchVGCore.a */,
			);
			name = Products;
			sourceTree = "<group>";
		};
		AE0762FD160AAE3A00518207 /* Test */ = {
			isa = PBXGroup;
			children = (
				AE252D29181FC93300884B5C /* AnimatedPathView1.h */,
				AE252D2A181FC93300884B5C /* AnimatedPathView1.mm */,
				AE53750C177D26980050CC4F /* GiGraphView1.h */,
				AE53750D177D26980050CC4F /* GiGraphView1.mm */,
				AEADC21D16EB570800484962 /* LargeView1.h */,
				AEADC21E16EB570800484962 /* LargeView1.mm */,
				AE4E6F0416129337006CAA5C /* ViewFactory.mm */,
			);
			name = Test;
			sourceTree = "<group>";
		};
		AE34D03117F905DE004BC88B /* lib */ = {
			isa = PBXGroup;
			children = (
				AEA5E48D18729ABA00C5EC49 /* SVGKit-iOS.xcodeproj */,
				027CB27D18715F9E00C18ECE /* TouchVGCore.xcodeproj */,
				AE97A1AB186D536D00DFEA77 /* TouchVG.xcodeproj */,
				AE97A1A9186D536500DFEA77 /* DemoCmds.xcodeproj */,
			);
			name = lib;
			sourceTree = "<group>";
		};
		AEA5E48E18729ABA00C5EC49 /* Products */ = {
			isa = PBXGroup;
			children = (
				AEA5E49218729ABA00C5EC49 /* libSVGKit-iOS.1.2.0pre.a */,
			);
			name = Products;
			sourceTree = "<group>";
		};
		AED5E69B186EF0CE00D8CA3E /* Products */ = {
			isa = PBXGroup;
			children = (
				AED5E69F186EF0CE00D8CA3E /* libDemoCmds.a */,
			);
			name = Products;
			sourceTree = "<group>";
		};
		AED5E6A0186F179000D8CA3E /* Products */ = {
			isa = PBXGroup;
			children = (
				AED5E6A4186F179000D8CA3E /* libTouchVG.a */,
			);
			name = Products;
			sourceTree = "<group>";
		};
		AEF2D51B160964BA00DDB7F2 = {
			isa = PBXGroup;
			children = (
				AE0762FD160AAE3A00518207 /* Test */,
				AE34D03117F905DE004BC88B /* lib */,
				AEF2D530160964BA00DDB7F2 /* Classes */,
				AEF2D56C1609B67200DDB7F2 /* Resources */,
				AEF2D529160964BA00DDB7F2 /* Frameworks */,
				AEF2D527160964BA00DDB7F2 /* Products */,
			);
			sourceTree = "<group>";
		};
		AEF2D527160964BA00DDB7F2 /* Products */ = {
			isa = PBXGroup;
			children = (
				AEF2D526160964BA00DDB7F2 /* TestView.app */,
			);
			name = Products;
			sourceTree = "<group>";
		};
		AEF2D529160964BA00DDB7F2 /* Frameworks */ = {
			isa = PBXGroup;
			children = (
				AE97A1AF186D539000DFEA77 /* libTouchVG.a */,
				AE97A1AD186D538D00DFEA77 /* libDemoCmds.a */,
				AE3B011C18110A610004AAC7 /* libxml2.dylib */,
				AE3B011A18110A370004AAC7 /* CoreText.framework */,
				AE815F341718EDCB006BC607 /* QuartzCore.framework */,
				AEF2D52A160964BA00DDB7F2 /* UIKit.framework */,
				AEF2D52C160964BA00DDB7F2 /* Foundation.framework */,
				AEF2D52E160964BA00DDB7F2 /* CoreGraphics.framework */,
			);
			name = Frameworks;
			sourceTree = "<group>";
		};
		AEF2D530160964BA00DDB7F2 /* Classes */ = {
			isa = PBXGroup;
			children = (
				AE3341B316ECBDBE00F0E517 /* CalloutView.h */,
				AE3341B416ECBDBE00F0E517 /* CalloutView.m */,
				AEF2D539160964BA00DDB7F2 /* AppDelegate.h */,
				AEF2D53A160964BA00DDB7F2 /* AppDelegate.m */,
				AEF2D53C160964BA00DDB7F2 /* MasterViewController.h */,
				AEF2D53D160964BA00DDB7F2 /* MasterViewController.mm */,
				AEF2D53F160964BA00DDB7F2 /* DetailViewController.h */,
				AEF2D540160964BA00DDB7F2 /* DetailViewController.mm */,
				AE2F18EC18429B8D000981AD /* TestView.h */,
				AEF2D531160964BA00DDB7F2 /* Supporting Files */,
			);
			name = Classes;
			path = ../Classes;
			sourceTree = "<group>";
		};
		AEF2D531160964BA00DDB7F2 /* Supporting Files */ = {
			isa = PBXGroup;
			children = (
				AEF2D5B81609C1A900DDB7F2 /* Info.plist */,
				AEF2D5AD1609BF7D00DDB7F2 /* main.m */,
				AEF2D5AE1609BF7D00DDB7F2 /* Prefix.pch */,
			);
			name = "Supporting Files";
			sourceTree = "<group>";
		};
		AEF2D56C1609B67200DDB7F2 /* Resources */ = {
			isa = PBXGroup;
			children = (
				AE252D2F181FCB0700884B5C /* pencil@2x.png */,
				AE03795D181FB31E0049931F /* pencil.png */,
				AE3B01141811064D0004AAC7 /* fonts.svg */,
				AE34D03617F91762004BC88B /* TouchVG.bundle */,
				AEF2D56D1609B67200DDB7F2 /* app57.png */,
				AEF2D56E1609B67200DDB7F2 /* app72.png */,
			);
			name = Resources;
			path = ../Resources;
			sourceTree = "<group>";
		};
/* End PBXGroup section */

/* Begin PBXNativeTarget section */
		AEF2D525160964BA00DDB7F2 /* TestView */ = {
			isa = PBXNativeTarget;
			buildConfigurationList = AEF2D550160964BA00DDB7F2 /* Build configuration list for PBXNativeTarget "TestView" */;
			buildPhases = (
				AEF2D522160964BA00DDB7F2 /* Sources */,
				AEF2D523160964BA00DDB7F2 /* Frameworks */,
				AEF2D524160964BA00DDB7F2 /* Resources */,
			);
			buildRules = (
			);
			dependencies = (
				AEA5E49418729AD000C5EC49 /* PBXTargetDependency */,
				027CB28818715FAE00C18ECE /* PBXTargetDependency */,
				027CB28618715FAC00C18ECE /* PBXTargetDependency */,
				027CB28418715FA900C18ECE /* PBXTargetDependency */,
			);
			name = TestView;
			productName = TestView;
			productReference = AEF2D526160964BA00DDB7F2 /* TestView.app */;
			productType = "com.apple.product-type.application";
		};
/* End PBXNativeTarget section */

/* Begin PBXProject section */
		AEF2D51D160964BA00DDB7F2 /* Project object */ = {
			isa = PBXProject;
			attributes = {
				LastUpgradeCheck = 0460;
				ORGANIZATIONNAME = github.rhcad;
			};
			buildConfigurationList = AEF2D520160964BA00DDB7F2 /* Build configuration list for PBXProject "TestView" */;
			compatibilityVersion = "Xcode 3.2";
			developmentRegion = English;
			hasScannedForEncodings = 0;
			knownRegions = (
				en,
			);
			mainGroup = AEF2D51B160964BA00DDB7F2;
			productRefGroup = AEF2D527160964BA00DDB7F2 /* Products */;
			projectDirPath = "";
			projectReferences = (
				{
					ProductGroup = AED5E69B186EF0CE00D8CA3E /* Products */;
					ProjectRef = AE97A1A9186D536500DFEA77 /* DemoCmds.xcodeproj */;
				},
				{
					ProductGroup = AEA5E48E18729ABA00C5EC49 /* Products */;
					ProjectRef = AEA5E48D18729ABA00C5EC49 /* SVGKit-iOS.xcodeproj */;
				},
				{
					ProductGroup = AED5E6A0186F179000D8CA3E /* Products */;
					ProjectRef = AE97A1AB186D536D00DFEA77 /* TouchVG.xcodeproj */;
				},
				{
					ProductGroup = 027CB27E18715F9E00C18ECE /* Products */;
					ProjectRef = 027CB27D18715F9E00C18ECE /* TouchVGCore.xcodeproj */;
				},
			);
			projectRoot = "";
			targets = (
				AEF2D525160964BA00DDB7F2 /* TestView */,
			);
		};
/* End PBXProject section */

/* Begin PBXReferenceProxy section */
		027CB28218715F9E00C18ECE /* libTouchVGCore.a */ = {
			isa = PBXReferenceProxy;
			fileType = archive.ar;
			path = libTouchVGCore.a;
			remoteRef = 027CB28118715F9E00C18ECE /* PBXContainerItemProxy */;
			sourceTree = BUILT_PRODUCTS_DIR;
		};
		AEA5E49218729ABA00C5EC49 /* libSVGKit-iOS.1.2.0pre.a */ = {
			isa = PBXReferenceProxy;
			fileType = archive.ar;
			path = "libSVGKit-iOS.1.2.0pre.a";
			remoteRef = AEA5E49118729ABA00C5EC49 /* PBXContainerItemProxy */;
			sourceTree = BUILT_PRODUCTS_DIR;
		};
		AED5E69F186EF0CE00D8CA3E /* libDemoCmds.a */ = {
			isa = PBXReferenceProxy;
			fileType = archive.ar;
			path = libDemoCmds.a;
			remoteRef = AED5E69E186EF0CE00D8CA3E /* PBXContainerItemProxy */;
			sourceTree = BUILT_PRODUCTS_DIR;
		};
		AED5E6A4186F179000D8CA3E /* libTouchVG.a */ = {
			isa = PBXReferenceProxy;
			fileType = archive.ar;
			path = libTouchVG.a;
			remoteRef = AED5E6A3186F179000D8CA3E /* PBXContainerItemProxy */;
			sourceTree = BUILT_PRODUCTS_DIR;
		};
/* End PBXReferenceProxy section */

/* Begin PBXResourcesBuildPhase section */
		AEF2D524160964BA00DDB7F2 /* Resources */ = {
			isa = PBXResourcesBuildPhase;
			buildActionMask = 2147483647;
			files = (
				AE97A1AA186D536500DFEA77 /* DemoCmds.xcodeproj in Resources */,
				AEF2D56F1609B67200DDB7F2 /* app57.png in Resources */,
				AEF2D5701609B67200DDB7F2 /* app72.png in Resources */,
				AE34D03717F91762004BC88B /* TouchVG.bundle in Resources */,
				AE3B01151811064D0004AAC7 /* fonts.svg in Resources */,
				AE97A1AC186D536D00DFEA77 /* TouchVG.xcodeproj in Resources */,
				AE03795E181FB31E0049931F /* pencil.png in Resources */,
				AE252D30181FCB0700884B5C /* pencil@2x.png in Resources */,
			);
			runOnlyForDeploymentPostprocessing = 0;
		};
/* End PBXResourcesBuildPhase section */

/* Begin PBXSourcesBuildPhase section */
		AEF2D522160964BA00DDB7F2 /* Sources */ = {
			isa = PBXSourcesBuildPhase;
			buildActionMask = 2147483647;
			files = (
				AEF2D53B160964BA00DDB7F2 /* AppDelegate.m in Sources */,
				AEF2D53E160964BA00DDB7F2 /* MasterViewController.mm in Sources */,
				AEF2D541160964BA00DDB7F2 /* DetailViewController.mm in Sources */,
				AEF2D5B01609BF7D00DDB7F2 /* main.m in Sources */,
				AE4E6F0616129337006CAA5C /* ViewFactory.mm in Sources */,
				AEADC21F16EB570800484962 /* LargeView1.mm in Sources */,
				AE3341B516ECBDBE00F0E517 /* CalloutView.m in Sources */,
				AE53750E177D26980050CC4F /* GiGraphView1.mm in Sources */,
				AE252D2B181FC93300884B5C /* AnimatedPathView1.mm in Sources */,
			);
			runOnlyForDeploymentPostprocessing = 0;
		};
/* End PBXSourcesBuildPhase section */

/* Begin PBXTargetDependency section */
		027CB28418715FA900C18ECE /* PBXTargetDependency */ = {
			isa = PBXTargetDependency;
			name = TouchVGCore;
			targetProxy = 027CB28318715FA900C18ECE /* PBXContainerItemProxy */;
		};
		027CB28618715FAC00C18ECE /* PBXTargetDependency */ = {
			isa = PBXTargetDependency;
			name = TouchVG;
			targetProxy = 027CB28518715FAC00C18ECE /* PBXContainerItemProxy */;
		};
		027CB28818715FAE00C18ECE /* PBXTargetDependency */ = {
			isa = PBXTargetDependency;
			name = DemoCmds;
			targetProxy = 027CB28718715FAE00C18ECE /* PBXContainerItemProxy */;
		};
		AEA5E49418729AD000C5EC49 /* PBXTargetDependency */ = {
			isa = PBXTargetDependency;
			name = "SVGKit-iOS";
			targetProxy = AEA5E49318729AD000C5EC49 /* PBXContainerItemProxy */;
		};
/* End PBXTargetDependency section */

/* Begin XCBuildConfiguration section */
		AEF2D54E160964BA00DDB7F2 /* Debug */ = {
			isa = XCBuildConfiguration;
			buildSettings = {
				ALWAYS_SEARCH_USER_PATHS = NO;
				CLANG_ENABLE_OBJC_ARC = YES;
				CLANG_WARN_CONSTANT_CONVERSION = YES;
				CLANG_WARN_ENUM_CONVERSION = YES;
				CLANG_WARN_INT_CONVERSION = YES;
				CLANG_WARN__DUPLICATE_METHOD_MATCH = YES;
				CODE_SIGN_IDENTITY = "iPhone Developer";
				"CODE_SIGN_IDENTITY[sdk=iphoneos*]" = "iPhone Developer";
				COPY_PHASE_STRIP = NO;
				GCC_C_LANGUAGE_STANDARD = gnu99;
				GCC_DYNAMIC_NO_PIC = NO;
				GCC_OPTIMIZATION_LEVEL = 0;
				GCC_PREPROCESSOR_DEFINITIONS = (
					"DEBUG=1",
					"$(inherited)",
				);
				GCC_SYMBOLS_PRIVATE_EXTERN = NO;
				GCC_WARN_ABOUT_RETURN_TYPE = YES;
				GCC_WARN_UNINITIALIZED_AUTOS = YES;
				GCC_WARN_UNUSED_VARIABLE = YES;
				HEADER_SEARCH_PATHS = (
					"../../../thirdparty/TouchVGCore/core/include/**",
					../../view/include,
					"../../../core/democmds/**",
				);
				IPHONEOS_DEPLOYMENT_TARGET = 5.0;
				LIBRARY_SEARCH_PATHS = ../../output;
				PROVISIONING_PROFILE = "";
				"PROVISIONING_PROFILE[sdk=iphoneos*]" = "";
				SDKROOT = iphoneos;
				TARGETED_DEVICE_FAMILY = "1,2";
			};
			name = Debug;
		};
		AEF2D54F160964BA00DDB7F2 /* Release */ = {
			isa = XCBuildConfiguration;
			buildSettings = {
				ALWAYS_SEARCH_USER_PATHS = NO;
				CLANG_ENABLE_OBJC_ARC = YES;
				CLANG_WARN_CONSTANT_CONVERSION = YES;
				CLANG_WARN_ENUM_CONVERSION = YES;
				CLANG_WARN_INT_CONVERSION = YES;
				CLANG_WARN__DUPLICATE_METHOD_MATCH = YES;
				CODE_SIGN_IDENTITY = "iPhone Developer";
				"CODE_SIGN_IDENTITY[sdk=iphoneos*]" = "iPhone Developer";
				COPY_PHASE_STRIP = YES;
				GCC_C_LANGUAGE_STANDARD = gnu99;
				GCC_WARN_ABOUT_RETURN_TYPE = YES;
				GCC_WARN_UNINITIALIZED_AUTOS = YES;
				GCC_WARN_UNUSED_VARIABLE = YES;
				HEADER_SEARCH_PATHS = (
					"../../../thirdparty/TouchVGCore/core/include/**",
					../../view/include,
					"../../../core/democmds/**",
				);
				IPHONEOS_DEPLOYMENT_TARGET = 5.0;
				LIBRARY_SEARCH_PATHS = ../../output;
				OTHER_CFLAGS = "-DNS_BLOCK_ASSERTIONS=1";
				PROVISIONING_PROFILE = "";
				SDKROOT = iphoneos;
				TARGETED_DEVICE_FAMILY = "1,2";
				VALIDATE_PRODUCT = YES;
			};
			name = Release;
		};
		AEF2D551160964BA00DDB7F2 /* Debug */ = {
			isa = XCBuildConfiguration;
			buildSettings = {
				GCC_PRECOMPILE_PREFIX_HEADER = YES;
				GCC_PREFIX_HEADER = ../Classes/Prefix.pch;
				INFOPLIST_FILE = ../Classes/Info.plist;
				PRODUCT_NAME = TestView;
				PUBLIC_HEADERS_FOLDER_PATH = "";
				WRAPPER_EXTENSION = app;
			};
			name = Debug;
		};
		AEF2D552160964BA00DDB7F2 /* Release */ = {
			isa = XCBuildConfiguration;
			buildSettings = {
				GCC_PRECOMPILE_PREFIX_HEADER = YES;
				GCC_PREFIX_HEADER = ../Classes/Prefix.pch;
				INFOPLIST_FILE = ../Classes/Info.plist;
				PRODUCT_NAME = TestView;
				PUBLIC_HEADERS_FOLDER_PATH = "";
				WRAPPER_EXTENSION = app;
			};
			name = Release;
		};
/* End XCBuildConfiguration section */

/* Begin XCConfigurationList section */
		AEF2D520160964BA00DDB7F2 /* Build configuration list for PBXProject "TestView" */ = {
			isa = XCConfigurationList;
			buildConfigurations = (
				AEF2D54E160964BA00DDB7F2 /* Debug */,
				AEF2D54F160964BA00DDB7F2 /* Release */,
			);
			defaultConfigurationIsVisible = 0;
			defaultConfigurationName = Release;
		};
		AEF2D550160964BA00DDB7F2 /* Build configuration list for PBXNativeTarget "TestView" */ = {
			isa = XCConfigurationList;
			buildConfigurations = (
				AEF2D551160964BA00DDB7F2 /* Debug */,
				AEF2D552160964BA00DDB7F2 /* Release */,
			);
			defaultConfigurationIsVisible = 0;
			defaultConfigurationName = Release;
		};
/* End XCConfigurationList section */
	};
	rootObject = AEF2D51D160964BA00DDB7F2 /* Project object */;
}
