// !$*UTF8*$!
{
	archiveVersion = 1;
	classes = {
	};
	objectVersion = 46;
	objects = {

/* Begin PBXBuildFile section */
		02FDBE93189DD22A0038C91F /* AppDelegate.m in Sources */ = {isa = PBXBuildFile; fileRef = AEF2D53A160964BA00DDB7F2 /* AppDelegate.m */; };
		02FDBE94189DD22A0038C91F /* MasterViewController.mm in Sources */ = {isa = PBXBuildFile; fileRef = AEF2D53D160964BA00DDB7F2 /* MasterViewController.mm */; };
		02FDBE95189DD22A0038C91F /* DetailViewController.mm in Sources */ = {isa = PBXBuildFile; fileRef = AEF2D540160964BA00DDB7F2 /* DetailViewController.mm */; };
		02FDBE96189DD22A0038C91F /* main.m in Sources */ = {isa = PBXBuildFile; fileRef = AEF2D5AD1609BF7D00DDB7F2 /* main.m */; };
		02FDBE97189DD22A0038C91F /* ViewFactory.mm in Sources */ = {isa = PBXBuildFile; fileRef = AE4E6F0416129337006CAA5C /* ViewFactory.mm */; };
		02FDBE98189DD22A0038C91F /* LargeView1.mm in Sources */ = {isa = PBXBuildFile; fileRef = AEADC21E16EB570800484962 /* LargeView1.mm */; };
		02FDBE99189DD22A0038C91F /* CalloutView.m in Sources */ = {isa = PBXBuildFile; fileRef = AE3341B416ECBDBE00F0E517 /* CalloutView.m */; };
		02FDBE9A189DD22A0038C91F /* GiGraphView1.mm in Sources */ = {isa = PBXBuildFile; fileRef = AE53750D177D26980050CC4F /* GiGraphView1.mm */; };
		02FDBE9E189DD22A0038C91F /* libxml2.dylib in Frameworks */ = {isa = PBXBuildFile; fileRef = AE3B011C18110A610004AAC7 /* libxml2.dylib */; };
		02FDBEA0189DD22A0038C91F /* QuartzCore.framework in Frameworks */ = {isa = PBXBuildFile; fileRef = AE815F341718EDCB006BC607 /* QuartzCore.framework */; };
		02FDBEA1189DD22A0038C91F /* UIKit.framework in Frameworks */ = {isa = PBXBuildFile; fileRef = AEF2D52A160964BA00DDB7F2 /* UIKit.framework */; };
		02FDBEA2189DD22A0038C91F /* Foundation.framework in Frameworks */ = {isa = PBXBuildFile; fileRef = AEF2D52C160964BA00DDB7F2 /* Foundation.framework */; };
		02FDBEA3189DD22A0038C91F /* CoreGraphics.framework in Frameworks */ = {isa = PBXBuildFile; fileRef = AEF2D52E160964BA00DDB7F2 /* CoreGraphics.framework */; };
		02FDBEA5189DD22A0038C91F /* app57.png in Resources */ = {isa = PBXBuildFile; fileRef = AEF2D56D1609B67200DDB7F2 /* app57.png */; };
		02FDBEA6189DD22A0038C91F /* app72.png in Resources */ = {isa = PBXBuildFile; fileRef = AEF2D56E1609B67200DDB7F2 /* app72.png */; };
		02FDBEA7189DD22A0038C91F /* TouchVG.bundle in Resources */ = {isa = PBXBuildFile; fileRef = AE34D03617F91762004BC88B /* TouchVG.bundle */; };
		02FDBEA8189DD22A0038C91F /* fonts.svg in Resources */ = {isa = PBXBuildFile; fileRef = AE3B01141811064D0004AAC7 /* fonts.svg */; };
		02FDBEA9189DD22A0038C91F /* pencil.png in Resources */ = {isa = PBXBuildFile; fileRef = AE03795D181FB31E0049931F /* pencil.png */; };
		02FDBEAA189DD22A0038C91F /* pencil@2x.png in Resources */ = {isa = PBXBuildFile; fileRef = AE252D2F181FCB0700884B5C /* pencil@2x.png */; };
		AE03795E181FB31E0049931F /* pencil.png in Resources */ = {isa = PBXBuildFile; fileRef = AE03795D181FB31E0049931F /* pencil.png */; };
		AE11A5DE18B32D8D00B88366 /* CoreText.framework in Frameworks */ = {isa = PBXBuildFile; fileRef = AE11A5DD18B32D8D00B88366 /* CoreText.framework */; };
		AE252D30181FCB0700884B5C /* pencil@2x.png in Resources */ = {isa = PBXBuildFile; fileRef = AE252D2F181FCB0700884B5C /* pencil@2x.png */; };
		AE3341B516ECBDBE00F0E517 /* CalloutView.m in Sources */ = {isa = PBXBuildFile; fileRef = AE3341B416ECBDBE00F0E517 /* CalloutView.m */; };
		AE34D03717F91762004BC88B /* TouchVG.bundle in Resources */ = {isa = PBXBuildFile; fileRef = AE34D03617F91762004BC88B /* TouchVG.bundle */; };
		AE3726EE18C9C53200B756C1 /* GiGraphView2.mm in Sources */ = {isa = PBXBuildFile; fileRef = AE3726ED18C9C53200B756C1 /* GiGraphView2.mm */; };
		AE3726EF18C9C53200B756C1 /* GiGraphView2.mm in Sources */ = {isa = PBXBuildFile; fileRef = AE3726ED18C9C53200B756C1 /* GiGraphView2.mm */; };
		AE3B01151811064D0004AAC7 /* fonts.svg in Resources */ = {isa = PBXBuildFile; fileRef = AE3B01141811064D0004AAC7 /* fonts.svg */; };
		AE4E6F0616129337006CAA5C /* ViewFactory.mm in Sources */ = {isa = PBXBuildFile; fileRef = AE4E6F0416129337006CAA5C /* ViewFactory.mm */; };
		AE53750E177D26980050CC4F /* GiGraphView1.mm in Sources */ = {isa = PBXBuildFile; fileRef = AE53750D177D26980050CC4F /* GiGraphView1.mm */; };
		AE815F351718EDCB006BC607 /* QuartzCore.framework in Frameworks */ = {isa = PBXBuildFile; fileRef = AE815F341718EDCB006BC607 /* QuartzCore.framework */; };
		AEADC21F16EB570800484962 /* LargeView1.mm in Sources */ = {isa = PBXBuildFile; fileRef = AEADC21E16EB570800484962 /* LargeView1.mm */; };
		AEF2D52B160964BA00DDB7F2 /* UIKit.framework in Frameworks */ = {isa = PBXBuildFile; fileRef = AEF2D52A160964BA00DDB7F2 /* UIKit.framework */; };
		AEF2D52D160964BA00DDB7F2 /* Foundation.framework in Frameworks */ = {isa = PBXBuildFile; fileRef = AEF2D52C160964BA00DDB7F2 /* Foundation.framework */; };
		AEF2D52F160964BA00DDB7F2 /* CoreGraphics.framework in Frameworks */ = {isa = PBXBuildFile; fileRef = AEF2D52E160964BA00DDB7F2 /* CoreGraphics.framework */; };
		AEF2D53B160964BA00DDB7F2 /* AppDelegate.m in Sources */ = {isa = PBXBuildFile; fileRef = AEF2D53A160964BA00DDB7F2 /* AppDelegate.m */; };
		AEF2D53E160964BA00DDB7F2 /* MasterViewController.mm in Sources */ = {isa = PBXBuildFile; fileRef = AEF2D53D160964BA00DDB7F2 /* MasterViewController.mm */; };
		AEF2D541160964BA00DDB7F2 /* DetailViewController.mm in Sources */ = {isa = PBXBuildFile; fileRef = AEF2D540160964BA00DDB7F2 /* DetailViewController.mm */; };
		AEF2D56F1609B67200DDB7F2 /* app57.png in Resources */ = {isa = PBXBuildFile; fileRef = AEF2D56D1609B67200DDB7F2 /* app57.png */; };
		AEF2D5701609B67200DDB7F2 /* app72.png in Resources */ = {isa = PBXBuildFile; fileRef = AEF2D56E1609B67200DDB7F2 /* app72.png */; };
		AEF2D5B01609BF7D00DDB7F2 /* main.m in Sources */ = {isa = PBXBuildFile; fileRef = AEF2D5AD1609BF7D00DDB7F2 /* main.m */; };
/* End PBXBuildFile section */

/* Begin PBXFileReference section */
		02FDBEAE189DD22A0038C91F /* TestView-SVG.app */ = {isa = PBXFileReference; explicitFileType = wrapper.application; includeInIndex = 0; path = "TestView-SVG.app"; sourceTree = BUILT_PRODUCTS_DIR; };
		AE03795D181FB31E0049931F /* pencil.png */ = {isa = PBXFileReference; lastKnownFileType = image.png; path = pencil.png; sourceTree = "<group>"; };
		AE11A5DD18B32D8D00B88366 /* CoreText.framework */ = {isa = PBXFileReference; lastKnownFileType = wrapper.framework; name = CoreText.framework; path = System/Library/Frameworks/CoreText.framework; sourceTree = SDKROOT; };
		AE252D2F181FCB0700884B5C /* pencil@2x.png */ = {isa = PBXFileReference; lastKnownFileType = image.png; path = "pencil@2x.png"; sourceTree = "<group>"; };
		AE2F18EC18429B8D000981AD /* TestView.h */ = {isa = PBXFileReference; lastKnownFileType = sourcecode.c.h; path = TestView.h; sourceTree = "<group>"; };
		AE3341B316ECBDBE00F0E517 /* CalloutView.h */ = {isa = PBXFileReference; fileEncoding = 4; lastKnownFileType = sourcecode.c.h; path = CalloutView.h; sourceTree = "<group>"; };
		AE3341B416ECBDBE00F0E517 /* CalloutView.m */ = {isa = PBXFileReference; fileEncoding = 4; lastKnownFileType = sourcecode.c.objc; path = CalloutView.m; sourceTree = "<group>"; };
		AE34D03617F91762004BC88B /* TouchVG.bundle */ = {isa = PBXFileReference; lastKnownFileType = "wrapper.plug-in"; name = TouchVG.bundle; path = ../Resources/TouchVG.bundle; sourceTree = "<group>"; };
		AE3726ED18C9C53200B756C1 /* GiGraphView2.mm */ = {isa = PBXFileReference; fileEncoding = 4; lastKnownFileType = sourcecode.cpp.objcpp; path = GiGraphView2.mm; sourceTree = "<group>"; };
		AE3B01141811064D0004AAC7 /* fonts.svg */ = {isa = PBXFileReference; fileEncoding = 4; lastKnownFileType = text.xml; path = fonts.svg; sourceTree = "<group>"; };
		AE3B011C18110A610004AAC7 /* libxml2.dylib */ = {isa = PBXFileReference; lastKnownFileType = "compiled.mach-o.dylib"; name = libxml2.dylib; path = usr/lib/libxml2.dylib; sourceTree = SDKROOT; };
		AE4E6F0416129337006CAA5C /* ViewFactory.mm */ = {isa = PBXFileReference; fileEncoding = 4; lastKnownFileType = sourcecode.cpp.objcpp; path = ViewFactory.mm; sourceTree = "<group>"; };
		AE53750C177D26980050CC4F /* GiGraphView1.h */ = {isa = PBXFileReference; fileEncoding = 4; lastKnownFileType = sourcecode.c.h; path = GiGraphView1.h; sourceTree = "<group>"; };
		AE53750D177D26980050CC4F /* GiGraphView1.mm */ = {isa = PBXFileReference; fileEncoding = 4; lastKnownFileType = sourcecode.cpp.objcpp; path = GiGraphView1.mm; sourceTree = "<group>"; };
		AE815F341718EDCB006BC607 /* QuartzCore.framework */ = {isa = PBXFileReference; lastKnownFileType = wrapper.framework; name = QuartzCore.framework; path = System/Library/Frameworks/QuartzCore.framework; sourceTree = SDKROOT; };
		AEADC21D16EB570800484962 /* LargeView1.h */ = {isa = PBXFileReference; fileEncoding = 4; lastKnownFileType = sourcecode.c.h; path = LargeView1.h; sourceTree = "<group>"; };
		AEADC21E16EB570800484962 /* LargeView1.mm */ = {isa = PBXFileReference; fileEncoding = 4; lastKnownFileType = sourcecode.cpp.objcpp; path = LargeView1.mm; sourceTree = "<group>"; };
		AEF2D526160964BA00DDB7F2 /* TestView.app */ = {isa = PBXFileReference; explicitFileType = wrapper.application; includeInIndex = 0; path = TestView.app; sourceTree = BUILT_PRODUCTS_DIR; };
		AEF2D52A160964BA00DDB7F2 /* UIKit.framework */ = {isa = PBXFileReference; lastKnownFileType = wrapper.framework; name = UIKit.framework; path = System/Library/Frameworks/UIKit.framework; sourceTree = SDKROOT; };
		AEF2D52C160964BA00DDB7F2 /* Foundation.framework */ = {isa = PBXFileReference; lastKnownFileType = wrapper.framework; name = Foundation.framework; path = System/Library/Frameworks/Foundation.framework; sourceTree = SDKROOT; };
		AEF2D52E160964BA00DDB7F2 /* CoreGraphics.framework */ = {isa = PBXFileReference; lastKnownFileType = wrapper.framework; name = CoreGraphics.framework; path = System/Library/Frameworks/CoreGraphics.framework; sourceTree = SDKROOT; };
		AEF2D539160964BA00DDB7F2 /* AppDelegate.h */ = {isa = PBXFileReference; lastKnownFileType = sourcecode.c.h; path = AppDelegate.h; sourceTree = "<group>"; };
		AEF2D53A160964BA00DDB7F2 /* AppDelegate.m */ = {isa = PBXFileReference; lastKnownFileType = sourcecode.c.objc; path = AppDelegate.m; sourceTree = "<group>"; };
		AEF2D53C160964BA00DDB7F2 /* MasterViewController.h */ = {isa = PBXFileReference; lastKnownFileType = sourcecode.c.h; path = MasterViewController.h; sourceTree = "<group>"; };
		AEF2D53D160964BA00DDB7F2 /* MasterViewController.mm */ = {isa = PBXFileReference; lastKnownFileType = sourcecode.cpp.objcpp; path = MasterViewController.mm; sourceTree = "<group>"; };
		AEF2D53F160964BA00DDB7F2 /* DetailViewController.h */ = {isa = PBXFileReference; lastKnownFileType = sourcecode.c.h; path = DetailViewController.h; sourceTree = "<group>"; };
		AEF2D540160964BA00DDB7F2 /* DetailViewController.mm */ = {isa = PBXFileReference; lastKnownFileType = sourcecode.cpp.objcpp; path = DetailViewController.mm; sourceTree = "<group>"; };
		AEF2D56D1609B67200DDB7F2 /* app57.png */ = {isa = PBXFileReference; lastKnownFileType = image.png; path = app57.png; sourceTree = "<group>"; };
		AEF2D56E1609B67200DDB7F2 /* app72.png */ = {isa = PBXFileReference; lastKnownFileType = image.png; path = app72.png; sourceTree = "<group>"; };
		AEF2D5AD1609BF7D00DDB7F2 /* main.m */ = {isa = PBXFileReference; fileEncoding = 4; lastKnownFileType = sourcecode.c.objc; path = main.m; sourceTree = "<group>"; };
		AEF2D5AE1609BF7D00DDB7F2 /* Prefix.pch */ = {isa = PBXFileReference; fileEncoding = 4; lastKnownFileType = sourcecode.c.h; path = Prefix.pch; sourceTree = "<group>"; };
		AEF2D5B81609C1A900DDB7F2 /* Info.plist */ = {isa = PBXFileReference; fileEncoding = 4; lastKnownFileType = text.plist.xml; path = Info.plist; sourceTree = "<group>"; };
/* End PBXFileReference section */

/* Begin PBXFrameworksBuildPhase section */
		02FDBE9C189DD22A0038C91F /* Frameworks */ = {
			isa = PBXFrameworksBuildPhase;
			buildActionMask = 2147483647;
			files = (
				02FDBE9E189DD22A0038C91F /* libxml2.dylib in Frameworks */,
				AE11A5DE18B32D8D00B88366 /* CoreText.framework in Frameworks */,
				02FDBEA1189DD22A0038C91F /* UIKit.framework in Frameworks */,
				02FDBEA0189DD22A0038C91F /* QuartzCore.framework in Frameworks */,
				02FDBEA3189DD22A0038C91F /* CoreGraphics.framework in Frameworks */,
				02FDBEA2189DD22A0038C91F /* Foundation.framework in Frameworks */,
			);
			runOnlyForDeploymentPostprocessing = 0;
		};
		AEF2D523160964BA00DDB7F2 /* Frameworks */ = {
			isa = PBXFrameworksBuildPhase;
			buildActionMask = 2147483647;
			files = (
				AEF2D52B160964BA00DDB7F2 /* UIKit.framework in Frameworks */,
				AE815F351718EDCB006BC607 /* QuartzCore.framework in Frameworks */,
				AEF2D52F160964BA00DDB7F2 /* CoreGraphics.framework in Frameworks */,
				AEF2D52D160964BA00DDB7F2 /* Foundation.framework in Frameworks */,
			);
			runOnlyForDeploymentPostprocessing = 0;
		};
/* End PBXFrameworksBuildPhase section */

/* Begin PBXGroup section */
		AE0762FD160AAE3A00518207 /* Test */ = {
			isa = PBXGroup;
			children = (
				AE53750C177D26980050CC4F /* GiGraphView1.h */,
				AE53750D177D26980050CC4F /* GiGraphView1.mm */,
				AE3726ED18C9C53200B756C1 /* GiGraphView2.mm */,
				AEADC21D16EB570800484962 /* LargeView1.h */,
				AEADC21E16EB570800484962 /* LargeView1.mm */,
				AE4E6F0416129337006CAA5C /* ViewFactory.mm */,
			);
			name = Test;
			sourceTree = "<group>";
		};
		AEF2D51B160964BA00DDB7F2 = {
			isa = PBXGroup;
			children = (
				AE0762FD160AAE3A00518207 /* Test */,
				AEF2D530160964BA00DDB7F2 /* Classes */,
				AEF2D56C1609B67200DDB7F2 /* Resources */,
				AEF2D529160964BA00DDB7F2 /* Frameworks */,
				AEF2D527160964BA00DDB7F2 /* Products */,
			);
			sourceTree = "<group>";
		};
		AEF2D527160964BA00DDB7F2 /* Products */ = {
			isa = PBXGroup;
			children = (
				AEF2D526160964BA00DDB7F2 /* TestView.app */,
				02FDBEAE189DD22A0038C91F /* TestView-SVG.app */,
			);
			name = Products;
			sourceTree = "<group>";
		};
		AEF2D529160964BA00DDB7F2 /* Frameworks */ = {
			isa = PBXGroup;
			children = (
				AE3B011C18110A610004AAC7 /* libxml2.dylib */,
				AE11A5DD18B32D8D00B88366 /* CoreText.framework */,
				AE815F341718EDCB006BC607 /* QuartzCore.framework */,
				AEF2D52A160964BA00DDB7F2 /* UIKit.framework */,
				AEF2D52C160964BA00DDB7F2 /* Foundation.framework */,
				AEF2D52E160964BA00DDB7F2 /* CoreGraphics.framework */,
			);
			name = Frameworks;
			sourceTree = "<group>";
		};
		AEF2D530160964BA00DDB7F2 /* Classes */ = {
			isa = PBXGroup;
			children = (
				AE3341B316ECBDBE00F0E517 /* CalloutView.h */,
				AE3341B416ECBDBE00F0E517 /* CalloutView.m */,
				AEF2D539160964BA00DDB7F2 /* AppDelegate.h */,
				AEF2D53A160964BA00DDB7F2 /* AppDelegate.m */,
				AEF2D53C160964BA00DDB7F2 /* MasterViewController.h */,
				AEF2D53D160964BA00DDB7F2 /* MasterViewController.mm */,
				AEF2D53F160964BA00DDB7F2 /* DetailViewController.h */,
				AEF2D540160964BA00DDB7F2 /* DetailViewController.mm */,
				AE2F18EC18429B8D000981AD /* TestView.h */,
				AEF2D531160964BA00DDB7F2 /* Supporting Files */,
			);
			name = Classes;
			path = ../Classes;
			sourceTree = "<group>";
		};
		AEF2D531160964BA00DDB7F2 /* Supporting Files */ = {
			isa = PBXGroup;
			children = (
				AEF2D5B81609C1A900DDB7F2 /* Info.plist */,
				AEF2D5AD1609BF7D00DDB7F2 /* main.m */,
				AEF2D5AE1609BF7D00DDB7F2 /* Prefix.pch */,
			);
			name = "Supporting Files";
			sourceTree = "<group>";
		};
		AEF2D56C1609B67200DDB7F2 /* Resources */ = {
			isa = PBXGroup;
			children = (
				AE252D2F181FCB0700884B5C /* pencil@2x.png */,
				AE03795D181FB31E0049931F /* pencil.png */,
				AE3B01141811064D0004AAC7 /* fonts.svg */,
				AE34D03617F91762004BC88B /* TouchVG.bundle */,
				AEF2D56D1609B67200DDB7F2 /* app57.png */,
				AEF2D56E1609B67200DDB7F2 /* app72.png */,
			);
			name = Resources;
			path = ../Resources;
			sourceTree = "<group>";
		};
/* End PBXGroup section */

/* Begin PBXNativeTarget section */
		02FDBE8F189DD22A0038C91F /* TestView-SVG */ = {
			isa = PBXNativeTarget;
			buildConfigurationList = 02FDBEAB189DD22A0038C91F /* Build configuration list for PBXNativeTarget "TestView-SVG" */;
			buildPhases = (
				02FDBE92189DD22A0038C91F /* Sources */,
				02FDBE9C189DD22A0038C91F /* Frameworks */,
				02FDBEA4189DD22A0038C91F /* Resources */,
			);
			buildRules = (
			);
			dependencies = (
			);
			name = "TestView-SVG";
			productName = TestView;
			productReference = 02FDBEAE189DD22A0038C91F /* TestView-SVG.app */;
			productType = "com.apple.product-type.application";
		};
		AEF2D525160964BA00DDB7F2 /* TestView */ = {
			isa = PBXNativeTarget;
			buildConfigurationList = AEF2D550160964BA00DDB7F2 /* Build configuration list for PBXNativeTarget "TestView" */;
			buildPhases = (
				AEF2D522160964BA00DDB7F2 /* Sources */,
				AEF2D523160964BA00DDB7F2 /* Frameworks */,
				AEF2D524160964BA00DDB7F2 /* Resources */,
			);
			buildRules = (
			);
			dependencies = (
			);
			name = TestView;
			productName = TestView;
			productReference = AEF2D526160964BA00DDB7F2 /* TestView.app */;
			productType = "com.apple.product-type.application";
		};
/* End PBXNativeTarget section */

/* Begin PBXProject section */
		AEF2D51D160964BA00DDB7F2 /* Project object */ = {
			isa = PBXProject;
			attributes = {
				LastUpgradeCheck = 0460;
				ORGANIZATIONNAME = github.rhcad;
			};
			buildConfigurationList = AEF2D520160964BA00DDB7F2 /* Build configuration list for PBXProject "TestView" */;
			compatibilityVersion = "Xcode 3.2";
			developmentRegion = English;
			hasScannedForEncodings = 0;
			knownRegions = (
				en,
			);
			mainGroup = AEF2D51B160964BA00DDB7F2;
			productRefGroup = AEF2D527160964BA00DDB7F2 /* Products */;
			projectDirPath = "";
			projectRoot = "";
			targets = (
				AEF2D525160964BA00DDB7F2 /* TestView */,
				02FDBE8F189DD22A0038C91F /* TestView-SVG */,
			);
		};
/* End PBXProject section */

/* Begin PBXResourcesBuildPhase section */
		02FDBEA4189DD22A0038C91F /* Resources */ = {
			isa = PBXResourcesBuildPhase;
			buildActionMask = 2147483647;
			files = (
				02FDBEA5189DD22A0038C91F /* app57.png in Resources */,
				02FDBEA6189DD22A0038C91F /* app72.png in Resources */,
				02FDBEA7189DD22A0038C91F /* TouchVG.bundle in Resources */,
				02FDBEA8189DD22A0038C91F /* fonts.svg in Resources */,
				02FDBEA9189DD22A0038C91F /* pencil.png in Resources */,
				02FDBEAA189DD22A0038C91F /* pencil@2x.png in Resources */,
			);
			runOnlyForDeploymentPostprocessing = 0;
		};
		AEF2D524160964BA00DDB7F2 /* Resources */ = {
			isa = PBXResourcesBuildPhase;
			buildActionMask = 2147483647;
			files = (
				AEF2D56F1609B67200DDB7F2 /* app57.png in Resources */,
				AEF2D5701609B67200DDB7F2 /* app72.png in Resources */,
				AE34D03717F91762004BC88B /* TouchVG.bundle in Resources */,
				AE3B01151811064D0004AAC7 /* fonts.svg in Resources */,
				AE03795E181FB31E0049931F /* pencil.png in Resources */,
				AE252D30181FCB0700884B5C /* pencil@2x.png in Resources */,
			);
			runOnlyForDeploymentPostprocessing = 0;
		};
/* End PBXResourcesBuildPhase section */

/* Begin PBXSourcesBuildPhase section */
		02FDBE92189DD22A0038C91F /* Sources */ = {
			isa = PBXSourcesBuildPhase;
			buildActionMask = 2147483647;
			files = (
				02FDBE93189DD22A0038C91F /* AppDelegate.m in Sources */,
				02FDBE94189DD22A0038C91F /* MasterViewController.mm in Sources */,
				02FDBE95189DD22A0038C91F /* DetailViewController.mm in Sources */,
				02FDBE96189DD22A0038C91F /* main.m in Sources */,
				02FDBE97189DD22A0038C91F /* ViewFactory.mm in Sources */,
				02FDBE98189DD22A0038C91F /* LargeView1.mm in Sources */,
				02FDBE99189DD22A0038C91F /* CalloutView.m in Sources */,
				02FDBE9A189DD22A0038C91F /* GiGraphView1.mm in Sources */,
				AE3726EF18C9C53200B756C1 /* GiGraphView2.mm in Sources */,
			);
			runOnlyForDeploymentPostprocessing = 0;
		};
		AEF2D522160964BA00DDB7F2 /* Sources */ = {
			isa = PBXSourcesBuildPhase;
			buildActionMask = 2147483647;
			files = (
				AEF2D53B160964BA00DDB7F2 /* AppDelegate.m in Sources */,
				AEF2D53E160964BA00DDB7F2 /* MasterViewController.mm in Sources */,
				AEF2D541160964BA00DDB7F2 /* DetailViewController.mm in Sources */,
				AEF2D5B01609BF7D00DDB7F2 /* main.m in Sources */,
				AE4E6F0616129337006CAA5C /* ViewFactory.mm in Sources */,
				AEADC21F16EB570800484962 /* LargeView1.mm in Sources */,
				AE3341B516ECBDBE00F0E517 /* CalloutView.m in Sources */,
				AE53750E177D26980050CC4F /* GiGraphView1.mm in Sources */,
				AE3726EE18C9C53200B756C1 /* GiGraphView2.mm in Sources */,
			);
			runOnlyForDeploymentPostprocessing = 0;
		};
/* End PBXSourcesBuildPhase section */

/* Begin XCBuildConfiguration section */
		02FDBEAC189DD22A0038C91F /* Debug */ = {
			isa = XCBuildConfiguration;
			buildSettings = {
				OTHER_LDFLAGS = (
					"-lTouchVGCore",
					"-lTouchVG-SVG",
					"-lDemoCmds",
					"-lSVGKit-iOS.1.2.0pre",
					"-ObjC",
				);
				PRODUCT_NAME = "TestView-SVG";
				PUBLIC_HEADERS_FOLDER_PATH = "";
				WRAPPER_EXTENSION = app;
			};
			name = Debug;
		};
		02FDBEAD189DD22A0038C91F /* Release */ = {
			isa = XCBuildConfiguration;
			buildSettings = {
				OTHER_LDFLAGS = (
					"-lTouchVGCore",
					"-lTouchVG-SVG",
					"-lDemoCmds",
					"-lSVGKit-iOS.1.2.0pre",
					"-ObjC",
				);
				PRODUCT_NAME = "TestView-SVG";
				PUBLIC_HEADERS_FOLDER_PATH = "";
				WRAPPER_EXTENSION = app;
			};
			name = Release;
		};
		AEF2D54E160964BA00DDB7F2 /* Debug */ = {
			isa = XCBuildConfiguration;
			buildSettings = {
				ALWAYS_SEARCH_USER_PATHS = NO;
				ARCHS = "$(ARCHS_STANDARD_INCLUDING_64_BIT)";
				CLANG_CXX_LANGUAGE_STANDARD = "gnu++0x";
				CLANG_CXX_LIBRARY = "libc++";
				CLANG_ENABLE_MODULES = YES;
				CLANG_WARN_CONSTANT_CONVERSION = YES;
				CLANG_WARN_ENUM_CONVERSION = YES;
				CLANG_WARN_INT_CONVERSION = YES;
				CLANG_WARN__DUPLICATE_METHOD_MATCH = YES;
				CODE_SIGN_IDENTITY = "iPhone Developer";
				"CODE_SIGN_IDENTITY[sdk=iphoneos*]" = "iPhone Developer";
				COPY_PHASE_STRIP = NO;
				GCC_C_LANGUAGE_STANDARD = gnu99;
				GCC_DYNAMIC_NO_PIC = NO;
				GCC_OPTIMIZATION_LEVEL = 0;
				GCC_PRECOMPILE_PREFIX_HEADER = YES;
				GCC_PREFIX_HEADER = ../Classes/Prefix.pch;
				GCC_PREPROCESSOR_DEFINITIONS = (
					"DEBUG=1",
					"$(inherited)",
				);
				GCC_SYMBOLS_PRIVATE_EXTERN = NO;
				GCC_WARN_ABOUT_RETURN_TYPE = YES;
				GCC_WARN_UNINITIALIZED_AUTOS = YES;
				GCC_WARN_UNUSED_VARIABLE = YES;
				HEADER_SEARCH_PATHS = (
					"../../../thirdparty/TouchVGCore/core/include/**",
					"../../../thirdparty/DemoCmds/core/**",
					../../view/include,
				);
				INFOPLIST_FILE = ../Classes/Info.plist;
				IPHONEOS_DEPLOYMENT_TARGET = 5.1.1;
				LIBRARY_SEARCH_PATHS = (
					"$(BUILT_PRODUCTS_DIR)",
					../../output,
				);
				PROVISIONING_PROFILE = "";
				"PROVISIONING_PROFILE[sdk=iphoneos*]" = "";
				SDKROOT = iphoneos;
				TARGETED_DEVICE_FAMILY = "1,2";
			};
			name = Debug;
		};
		AEF2D54F160964BA00DDB7F2 /* Release */ = {
			isa = XCBuildConfiguration;
			buildSettings = {
				ALWAYS_SEARCH_USER_PATHS = NO;
				ARCHS = "$(ARCHS_STANDARD_INCLUDING_64_BIT)";
				CLANG_CXX_LANGUAGE_STANDARD = "gnu++0x";
				CLANG_CXX_LIBRARY = "libc++";
				CLANG_ENABLE_MODULES = YES;
				CLANG_WARN_CONSTANT_CONVERSION = YES;
				CLANG_WARN_ENUM_CONVERSION = YES;
				CLANG_WARN_INT_CONVERSION = YES;
				CLANG_WARN__DUPLICATE_METHOD_MATCH = YES;
				CODE_SIGN_IDENTITY = "iPhone Developer";
				"CODE_SIGN_IDENTITY[sdk=iphoneos*]" = "iPhone Developer";
				COPY_PHASE_STRIP = YES;
				GCC_C_LANGUAGE_STANDARD = gnu99;
				GCC_PRECOMPILE_PREFIX_HEADER = YES;
				GCC_PREFIX_HEADER = ../Classes/Prefix.pch;
				GCC_WARN_ABOUT_RETURN_TYPE = YES;
				GCC_WARN_UNINITIALIZED_AUTOS = YES;
				GCC_WARN_UNUSED_VARIABLE = YES;
				HEADER_SEARCH_PATHS = (
					"../../../thirdparty/TouchVGCore/core/include/**",
					"../../../thirdparty/DemoCmds/core/**",
					../../view/include,
				);
				INFOPLIST_FILE = ../Classes/Info.plist;
				IPHONEOS_DEPLOYMENT_TARGET = 5.1.1;
				LIBRARY_SEARCH_PATHS = (
					"$(BUILT_PRODUCTS_DIR)",
					../../output,
				);
				OTHER_CFLAGS = "-DNS_BLOCK_ASSERTIONS=1";
				PROVISIONING_PROFILE = "";
				SDKROOT = iphoneos;
				TARGETED_DEVICE_FAMILY = "1,2";
				VALIDATE_PRODUCT = YES;
			};
			name = Release;
		};
		AEF2D551160964BA00DDB7F2 /* Debug */ = {
			isa = XCBuildConfiguration;
			buildSettings = {
				CLANG_ENABLE_OBJC_ARC = YES;
				OTHER_LDFLAGS = (
					"-lTouchVGCore",
					"-lTouchVG",
					"-lDemoCmds",
				);
				PRODUCT_NAME = TestView;
				PUBLIC_HEADERS_FOLDER_PATH = "";
				WRAPPER_EXTENSION = app;
			};
			name = Debug;
		};
		AEF2D552160964BA00DDB7F2 /* Release */ = {
			isa = XCBuildConfiguration;
			buildSettings = {
				CLANG_ENABLE_OBJC_ARC = YES;
				OTHER_LDFLAGS = (
					"-lTouchVGCore",
					"-lTouchVG",
					"-lDemoCmds",
				);
				PRODUCT_NAME = TestView;
				PUBLIC_HEADERS_FOLDER_PATH = "";
				WRAPPER_EXTENSION = app;
			};
			name = Release;
		};
/* End XCBuildConfiguration section */

/* Begin XCConfigurationList section */
		02FDBEAB189DD22A0038C91F /* Build configuration list for PBXNativeTarget "TestView-SVG" */ = {
			isa = XCConfigurationList;
			buildConfigurations = (
				02FDBEAC189DD22A0038C91F /* Debug */,
				02FDBEAD189DD22A0038C91F /* Release */,
			);
			defaultConfigurationIsVisible = 0;
			defaultConfigurationName = Release;
		};
		AEF2D520160964BA00DDB7F2 /* Build configuration list for PBXProject "TestView" */ = {
			isa = XCConfigurationList;
			buildConfigurations = (
				AEF2D54E160964BA00DDB7F2 /* Debug */,
				AEF2D54F160964BA00DDB7F2 /* Release */,
			);
			defaultConfigurationIsVisible = 0;
			defaultConfigurationName = Release;
		};
		AEF2D550160964BA00DDB7F2 /* Build configuration list for PBXNativeTarget "TestView" */ = {
			isa = XCConfigurationList;
			buildConfigurations = (
				AEF2D551160964BA00DDB7F2 /* Debug */,
				AEF2D552160964BA00DDB7F2 /* Release */,
			);
			defaultConfigurationIsVisible = 0;
			defaultConfigurationName = Release;
		};
/* End XCConfigurationList section */
	};
	rootObject = AEF2D51D160964BA00DDB7F2 /* Project object */;
}
