Microsoft Visual Studio Solution File, Format Version 10.00
# Visual Studio 2008
Project("{8BC9CEB8-8B4A-11D0-8D11-00A0C91BC942}") = "TestCanvas", "src\TestCanvas\TestCanvas_vc9.vcproj", "{DF343A6A-E9CC-42BE-B35D-720991E03E78}"
EndProject
Project("{8BC9CEB8-8B4A-11D0-8D11-00A0C91BC942}") = "TestView", "src\TestView\TestView_vc9.vcproj", "{CA45DF21-EC28-4CEE-856E-2BBDF2E80A1C}"
	ProjectSection(ProjectDependencies) = postProject
		{8D0C50E7-E089-404D-8331-F4F62FCA1FFF} = {8D0C50E7-E089-404D-8331-F4F62FCA1FFF}
	EndProjectSection
EndProject
Project("{8BC9CEB8-8B4A-11D0-8D11-00A0C91BC942}") = "TouchVGCore", "..\thirdparty\TouchVGCore\win\msvc\TouchVGCore\TouchVGCore_vc9.vcproj", "{8D0C50E7-E089-404D-8331-F4F62FCA1FFF}"
EndProject
Global
	GlobalSection(SolutionConfigurationPlatforms) = preSolution
		Debug|Win32 = Debug|Win32
		Release|Win32 = Release|Win32
	EndGlobalSection
	GlobalSection(ProjectConfigurationPlatforms) = postSolution
		{DF343A6A-E9CC-42BE-B35D-720991E03E78}.Debug|Win32.ActiveCfg = Debug|Win32
		{DF343A6A-E9CC-42BE-B35D-720991E03E78}.Debug|Win32.Build.0 = Debug|Win32
		{DF343A6A-E9CC-42BE-B35D-720991E03E78}.Release|Win32.ActiveCfg = Release|Win32
		{DF343A6A-E9CC-42BE-B35D-720991E03E78}.Release|Win32.Build.0 = Release|Win32
		{CA45DF21-EC28-4CEE-856E-2BBDF2E80A1C}.Debug|Win32.ActiveCfg = Debug|Win32
		{CA45DF21-EC28-4CEE-856E-2BBDF2E80A1C}.Debug|Win32.Build.0 = Debug|Win32
		{CA45DF21-EC28-4CEE-856E-2BBDF2E80A1C}.Release|Win32.ActiveCfg = Release|Win32
		{CA45DF21-EC28-4CEE-856E-2BBDF2E80A1C}.Release|Win32.Build.0 = Release|Win32
		{8D0C50E7-E089-404D-8331-F4F62FCA1FFF}.Debug|Win32.ActiveCfg = Debug|Win32
		{8D0C50E7-E089-404D-8331-F4F62FCA1FFF}.Debug|Win32.Build.0 = Debug|Win32
		{8D0C50E7-E089-404D-8331-F4F62FCA1FFF}.Release|Win32.ActiveCfg = Release|Win32
		{8D0C50E7-E089-404D-8331-F4F62FCA1FFF}.Release|Win32.Build.0 = Release|Win32
	EndGlobalSection
	GlobalSection(SolutionProperties) = preSolution
		HideSolutionNode = FALSE
	EndGlobalSection
EndGlobal
